
Microsoft Visual Studio Solution File, Format Version 12.00
# Visual Studio 15
VisualStudioVersion = 15.0.28307.1433
MinimumVisualStudioVersion = 10.0.40219.1
Project("{FAE04EC0-301F-11D3-BF4B-00C04F79EFBC}") = "ParserLogFixer", "ParserLogFixer\ParserLogFixer.csproj", "{A55C778C-CD60-48C1-8E76-517F1B4EFA32}"
EndProject
Global
	GlobalSection(SolutionConfigurationPlatforms) = preSolution
		Debug|Any CPU = Debug|Any CPU
		Release|Any CPU = Release|Any CPU
	EndGlobalSection
	GlobalSection(ProjectConfigurationPlatforms) = postSolution
		{A55C778C-CD60-48C1-8E76-517F1B4EFA32}.Debug|Any CPU.ActiveCfg = Debug|Any CPU
		{A55C778C-CD60-48C1-8E76-517F1B4EFA32}.Debug|Any CPU.Build.0 = Debug|Any CPU
		{A55C778C-CD60-48C1-8E76-517F1B4EFA32}.Release|Any CPU.ActiveCfg = Release|Any CPU
		{A55C778C-CD60-48C1-8E76-517F1B4EFA32}.Release|Any CPU.Build.0 = Release|Any CPU
	EndGlobalSection
	GlobalSection(SolutionProperties) = preSolution
		HideSolutionNode = FALSE
	EndGlobalSection
	GlobalSection(ExtensibilityGlobals) = postSolution
		SolutionGuid = {5F3754DC-DBF9-4BCB-AEA0-3BDB07C66DB7}
	EndGlobalSection
EndGlobal
