
Microsoft Visual Studio Solution File, Format Version 12.00
# Visual Studio 15
VisualStudioVersion = 15.0.28307.1300
MinimumVisualStudioVersion = 10.0.40219.1
Project("{FAE04EC0-301F-11D3-BF4B-00C04F79EFBC}") = "fft", "fft\fft.csproj", "{66749686-7495-41D7-84F0-5F0C53905968}"
EndProject
Project("{FAE04EC0-301F-11D3-BF4B-00C04F79EFBC}") = "fftwfc", "fftwfc\fftwfc.csproj", "{E12F498C-9561-4390-BCDD-5438DD1F3816}"
EndProject
Global
	GlobalSection(SolutionConfigurationPlatforms) = preSolution
		Debug|Any CPU = Debug|Any CPU
		Release|Any CPU = Release|Any CPU
	EndGlobalSection
	GlobalSection(ProjectConfigurationPlatforms) = postSolution
		{66749686-7495-41D7-84F0-5F0C53905968}.Debug|Any CPU.ActiveCfg = Debug|Any CPU
		{66749686-7495-41D7-84F0-5F0C53905968}.Debug|Any CPU.Build.0 = Debug|Any CPU
		{66749686-7495-41D7-84F0-5F0C53905968}.Release|Any CPU.ActiveCfg = Release|Any CPU
		{66749686-7495-41D7-84F0-5F0C53905968}.Release|Any CPU.Build.0 = Release|Any CPU
		{E12F498C-9561-4390-BCDD-5438DD1F3816}.Debug|Any CPU.ActiveCfg = Debug|Any CPU
		{E12F498C-9561-4390-BCDD-5438DD1F3816}.Debug|Any CPU.Build.0 = Debug|Any CPU
		{E12F498C-9561-4390-BCDD-5438DD1F3816}.Release|Any CPU.ActiveCfg = Release|Any CPU
		{E12F498C-9561-4390-BCDD-5438DD1F3816}.Release|Any CPU.Build.0 = Release|Any CPU
	EndGlobalSection
	GlobalSection(SolutionProperties) = preSolution
		HideSolutionNode = FALSE
	EndGlobalSection
	GlobalSection(ExtensibilityGlobals) = postSolution
		SolutionGuid = {DB9B945C-1D2B-426E-B780-7BEECCBC6E58}
	EndGlobalSection
EndGlobal
