
Microsoft Visual Studio Solution File, Format Version 12.00
# Visual Studio 15
VisualStudioVersion = 15.0.28307.779
MinimumVisualStudioVersion = 10.0.40219.1
Project("{FAE04EC0-301F-11D3-BF4B-00C04F79EFBC}") = "HL7.Client", "HL7.Client\HL7.Client.csproj", "{9D274F69-DEFD-41A8-80EA-41865A0774D1}"
EndProject
Project("{FAE04EC0-301F-11D3-BF4B-00C04F79EFBC}") = "HL7.Parser", "HL7.Parser\HL7.Parser.csproj", "{10C6BCD3-1833-4E8D-B323-D5CE9B0F0427}"
EndProject
Project("{FAE04EC0-301F-11D3-BF4B-00C04F79EFBC}") = "HL7.Manager", "HL7.Manager\HL7.Manager.csproj", "{E536BC24-8EF6-471A-8E77-38A1D46D45FD}"
EndProject
Project("{FAE04EC0-301F-11D3-BF4B-00C04F79EFBC}") = "SurPath.MySQLHelper", "SurPath.MySQLHelper\SurPath.MySQLHelper.csproj", "{2F81B82C-A9E5-428B-9002-C54BBDA6216C}"
EndProject
Project("{FAE04EC0-301F-11D3-BF4B-00C04F79EFBC}") = "SurPath.Entity", "SurPath.Entity\SurPath.Entity.csproj", "{E83F24F8-19F6-4E06-8732-87D988A72D00}"
EndProject
Project("{FAE04EC0-301F-11D3-BF4B-00C04F79EFBC}") = "SurPath.Enum", "SurPath.Enum\SurPath.Enum.csproj", "{FE86A8CF-FF29-407B-81E6-725F96F403B6}"
EndProject
Project("{FAE04EC0-301F-11D3-BF4B-00C04F79EFBC}") = "SurPath.Data", "SurPath.Data\SurPath.Data.csproj", "{22247119-655C-4DEC-98F3-FF0A3998D638}"
EndProject
Project("{FAE04EC0-301F-11D3-BF4B-00C04F79EFBC}") = "SharpSSH", "SharpSSH\SharpSSH.csproj", "{D27CF69D-4681-492A-BE4D-D3D209104423}"
EndProject
Project("{FAE04EC0-301F-11D3-BF4B-00C04F79EFBC}") = "SurPath.Business", "SurPath.Business\SurPath.Business.csproj", "{79C8214B-4E98-4CAF-957B-430A9DA9F96A}"
EndProject
Project("{2150E333-8FDC-42A3-9474-1A3956D46DE8}") = "Clients", "Clients", "{BD29DE11-FD43-4DC5-8A6B-9D56E9097F03}"
EndProject
Project("{2150E333-8FDC-42A3-9474-1A3956D46DE8}") = "Common", "Common", "{CF1F85EF-7796-4456-83F5-94A0A4E5CFED}"
EndProject
Project("{2150E333-8FDC-42A3-9474-1A3956D46DE8}") = "DataAccess", "DataAccess", "{58F93583-FF5A-4C1C-8E4A-A37024B08C89}"
EndProject
Project("{2150E333-8FDC-42A3-9474-1A3956D46DE8}") = "BuinessLogic", "BuinessLogic", "{069B424C-82E5-4C21-94E4-4A2805CDD02F}"
EndProject
Project("{2150E333-8FDC-42A3-9474-1A3956D46DE8}") = "Models", "Models", "{BBD29745-5AAC-4B7F-BAEC-2D57912C36C5}"
EndProject
Project("{FAE04EC0-301F-11D3-BF4B-00C04F79EFBC}") = "HL7UnitTests", "HL7UnitTests\HL7UnitTests.csproj", "{6C1FEC97-2261-466B-91D5-73FADAAE5B4E}"
EndProject
Project("{2150E333-8FDC-42A3-9474-1A3956D46DE8}") = "Solution Items", "Solution Items", "{093A9939-5DC1-48E0-9A8E-81B33BD0E990}"
	ProjectSection(SolutionItems) = preProject
		DevLog.txt = DevLog.txt
	EndProjectSection
EndProject
Project("{FAE04EC0-301F-11D3-BF4B-00C04F79EFBC}") = "BackendHelpers", "Surpath.Backend\BackendHelpers\BackendHelpers.csproj", "{2041E3C5-840B-4415-AFBA-AC8F63AA1E25}"
EndProject
Global
	GlobalSection(SolutionConfigurationPlatforms) = preSolution
		Debug|Any CPU = Debug|Any CPU
		Release|Any CPU = Release|Any CPU
	EndGlobalSection
	GlobalSection(ProjectConfigurationPlatforms) = postSolution
		{9D274F69-DEFD-41A8-80EA-41865A0774D1}.Debug|Any CPU.ActiveCfg = Debug|Any CPU
		{9D274F69-DEFD-41A8-80EA-41865A0774D1}.Debug|Any CPU.Build.0 = Debug|Any CPU
		{9D274F69-DEFD-41A8-80EA-41865A0774D1}.Release|Any CPU.ActiveCfg = Release|Any CPU
		{9D274F69-DEFD-41A8-80EA-41865A0774D1}.Release|Any CPU.Build.0 = Release|Any CPU
		{10C6BCD3-1833-4E8D-B323-D5CE9B0F0427}.Debug|Any CPU.ActiveCfg = Debug|Any CPU
		{10C6BCD3-1833-4E8D-B323-D5CE9B0F0427}.Debug|Any CPU.Build.0 = Debug|Any CPU
		{10C6BCD3-1833-4E8D-B323-D5CE9B0F0427}.Release|Any CPU.ActiveCfg = Release|Any CPU
		{10C6BCD3-1833-4E8D-B323-D5CE9B0F0427}.Release|Any CPU.Build.0 = Release|Any CPU
		{E536BC24-8EF6-471A-8E77-38A1D46D45FD}.Debug|Any CPU.ActiveCfg = Debug|Any CPU
		{E536BC24-8EF6-471A-8E77-38A1D46D45FD}.Debug|Any CPU.Build.0 = Debug|Any CPU
		{E536BC24-8EF6-471A-8E77-38A1D46D45FD}.Release|Any CPU.ActiveCfg = Release|Any CPU
		{E536BC24-8EF6-471A-8E77-38A1D46D45FD}.Release|Any CPU.Build.0 = Release|Any CPU
		{2F81B82C-A9E5-428B-9002-C54BBDA6216C}.Debug|Any CPU.ActiveCfg = Debug|Any CPU
		{2F81B82C-A9E5-428B-9002-C54BBDA6216C}.Debug|Any CPU.Build.0 = Debug|Any CPU
		{2F81B82C-A9E5-428B-9002-C54BBDA6216C}.Release|Any CPU.ActiveCfg = Release|Any CPU
		{2F81B82C-A9E5-428B-9002-C54BBDA6216C}.Release|Any CPU.Build.0 = Release|Any CPU
		{E83F24F8-19F6-4E06-8732-87D988A72D00}.Debug|Any CPU.ActiveCfg = Debug|Any CPU
		{E83F24F8-19F6-4E06-8732-87D988A72D00}.Debug|Any CPU.Build.0 = Debug|Any CPU
		{E83F24F8-19F6-4E06-8732-87D988A72D00}.Release|Any CPU.ActiveCfg = Release|Any CPU
		{E83F24F8-19F6-4E06-8732-87D988A72D00}.Release|Any CPU.Build.0 = Release|Any CPU
		{FE86A8CF-FF29-407B-81E6-725F96F403B6}.Debug|Any CPU.ActiveCfg = Debug|Any CPU
		{FE86A8CF-FF29-407B-81E6-725F96F403B6}.Debug|Any CPU.Build.0 = Debug|Any CPU
		{FE86A8CF-FF29-407B-81E6-725F96F403B6}.Release|Any CPU.ActiveCfg = Release|Any CPU
		{FE86A8CF-FF29-407B-81E6-725F96F403B6}.Release|Any CPU.Build.0 = Release|Any CPU
		{22247119-655C-4DEC-98F3-FF0A3998D638}.Debug|Any CPU.ActiveCfg = Debug|Any CPU
		{22247119-655C-4DEC-98F3-FF0A3998D638}.Debug|Any CPU.Build.0 = Debug|Any CPU
		{22247119-655C-4DEC-98F3-FF0A3998D638}.Release|Any CPU.ActiveCfg = Release|Any CPU
		{22247119-655C-4DEC-98F3-FF0A3998D638}.Release|Any CPU.Build.0 = Release|Any CPU
		{D27CF69D-4681-492A-BE4D-D3D209104423}.Debug|Any CPU.ActiveCfg = Debug|Any CPU
		{D27CF69D-4681-492A-BE4D-D3D209104423}.Debug|Any CPU.Build.0 = Debug|Any CPU
		{D27CF69D-4681-492A-BE4D-D3D209104423}.Release|Any CPU.ActiveCfg = Release|Any CPU
		{D27CF69D-4681-492A-BE4D-D3D209104423}.Release|Any CPU.Build.0 = Release|Any CPU
		{79C8214B-4E98-4CAF-957B-430A9DA9F96A}.Debug|Any CPU.ActiveCfg = Debug|Any CPU
		{79C8214B-4E98-4CAF-957B-430A9DA9F96A}.Debug|Any CPU.Build.0 = Debug|Any CPU
		{79C8214B-4E98-4CAF-957B-430A9DA9F96A}.Release|Any CPU.ActiveCfg = Release|Any CPU
		{79C8214B-4E98-4CAF-957B-430A9DA9F96A}.Release|Any CPU.Build.0 = Release|Any CPU
		{6C1FEC97-2261-466B-91D5-73FADAAE5B4E}.Debug|Any CPU.ActiveCfg = Debug|Any CPU
		{6C1FEC97-2261-466B-91D5-73FADAAE5B4E}.Debug|Any CPU.Build.0 = Debug|Any CPU
		{6C1FEC97-2261-466B-91D5-73FADAAE5B4E}.Release|Any CPU.ActiveCfg = Release|Any CPU
		{6C1FEC97-2261-466B-91D5-73FADAAE5B4E}.Release|Any CPU.Build.0 = Release|Any CPU
		{2041E3C5-840B-4415-AFBA-AC8F63AA1E25}.Debug|Any CPU.ActiveCfg = Debug|Any CPU
		{2041E3C5-840B-4415-AFBA-AC8F63AA1E25}.Debug|Any CPU.Build.0 = Debug|Any CPU
		{2041E3C5-840B-4415-AFBA-AC8F63AA1E25}.Release|Any CPU.ActiveCfg = Release|Any CPU
		{2041E3C5-840B-4415-AFBA-AC8F63AA1E25}.Release|Any CPU.Build.0 = Release|Any CPU
	EndGlobalSection
	GlobalSection(SolutionProperties) = preSolution
		HideSolutionNode = FALSE
	EndGlobalSection
	GlobalSection(NestedProjects) = preSolution
		{9D274F69-DEFD-41A8-80EA-41865A0774D1} = {BD29DE11-FD43-4DC5-8A6B-9D56E9097F03}
		{10C6BCD3-1833-4E8D-B323-D5CE9B0F0427} = {BD29DE11-FD43-4DC5-8A6B-9D56E9097F03}
		{E536BC24-8EF6-471A-8E77-38A1D46D45FD} = {BD29DE11-FD43-4DC5-8A6B-9D56E9097F03}
		{2F81B82C-A9E5-428B-9002-C54BBDA6216C} = {CF1F85EF-7796-4456-83F5-94A0A4E5CFED}
		{E83F24F8-19F6-4E06-8732-87D988A72D00} = {BBD29745-5AAC-4B7F-BAEC-2D57912C36C5}
		{FE86A8CF-FF29-407B-81E6-725F96F403B6} = {CF1F85EF-7796-4456-83F5-94A0A4E5CFED}
		{22247119-655C-4DEC-98F3-FF0A3998D638} = {58F93583-FF5A-4C1C-8E4A-A37024B08C89}
		{D27CF69D-4681-492A-BE4D-D3D209104423} = {CF1F85EF-7796-4456-83F5-94A0A4E5CFED}
		{79C8214B-4E98-4CAF-957B-430A9DA9F96A} = {069B424C-82E5-4C21-94E4-4A2805CDD02F}
		{CF1F85EF-7796-4456-83F5-94A0A4E5CFED} = {58F93583-FF5A-4C1C-8E4A-A37024B08C89}
		{BBD29745-5AAC-4B7F-BAEC-2D57912C36C5} = {58F93583-FF5A-4C1C-8E4A-A37024B08C89}
	EndGlobalSection
	GlobalSection(ExtensibilityGlobals) = postSolution
		SolutionGuid = {60B24A6D-4E7D-49D0-9230-87A18BBC9447}
	EndGlobalSection
EndGlobal
