
Microsoft Visual Studio Solution File, Format Version 12.00
# Visual Studio Version 17
VisualStudioVersion = 17.10.35013.160
MinimumVisualStudioVersion = 10.0.40219.1
Project("{FAE04EC0-301F-11D3-BF4B-00C04F79EFBC}") = "SurPath.Backend", "Surpath.Backend\SurpathBackend\SurPath.Backend.csproj", "{CC3E9055-4D25-46F7-9061-C48C817243BB}"
EndProject
Project("{FAE04EC0-301F-11D3-BF4B-00C04F79EFBC}") = "SurPath", "Surpath\SurPath.csproj", "{7F2E551D-FE4A-488C-896D-E856B4EAA696}"
EndProject
Project("{FAE04EC0-301F-11D3-BF4B-00C04F79EFBC}") = "SurPathWeb", "SurPath.Web\SurPathWeb.csproj", "{BF2ABD72-0ECF-4EF3-9508-FD18E4072B47}"
EndProject
Project("{FAE04EC0-301F-11D3-BF4B-00C04F79EFBC}") = "SurPath.Enum", "SurPath.Enum\SurPath.Enum.csproj", "{FE86A8CF-FF29-407B-81E6-725F96F403B6}"
EndProject
Project("{FAE04EC0-301F-11D3-BF4B-00C04F79EFBC}") = "SurPath.Entity", "SurPath.Entity\SurPath.Entity.csproj", "{E83F24F8-19F6-4E06-8732-87D988A72D00}"
EndProject
Project("{FAE04EC0-301F-11D3-BF4B-00C04F79EFBC}") = "SurPath.MySQLHelper", "SurPath.MySQLHelper\SurPath.MySQLHelper.csproj", "{2F81B82C-A9E5-428B-9002-C54BBDA6216C}"
EndProject
Project("{FAE04EC0-301F-11D3-BF4B-00C04F79EFBC}") = "SurPath.Data", "SurPath.Data\SurPath.Data.csproj", "{22247119-655C-4DEC-98F3-FF0A3998D638}"
EndProject
Project("{FAE04EC0-301F-11D3-BF4B-00C04F79EFBC}") = "Surpath.CSTestTests", "Surpath.CSTestTests\Surpath.CSTestTests.csproj", "{A8B7201C-E846-45DD-AF1D-97AAA4F38884}"
EndProject
Project("{FAE04EC0-301F-11D3-BF4B-00C04F79EFBC}") = "SurPath.Controls", "SurPath.Controls\SurPath.Controls.csproj", "{7867073E-E521-41AF-927A-10BA681F65DE}"
EndProject
Project("{FAE04EC0-301F-11D3-BF4B-00C04F79EFBC}") = "Surpath.CSTests", "Surpath.ClearstarTestTests\Surpath.CSTests.csproj", "{2029E932-E76E-4C99-950E-DD6A0BC144EF}"
EndProject
Project("{FAE04EC0-301F-11D3-BF4B-00C04F79EFBC}") = "Surpath.CSTest", "Surpath.ClearstarTest\Surpath.CSTest.csproj", "{DFA5A61C-FCEC-47AF-88D7-69868D7B2A31}"
EndProject
Project("{FAE04EC0-301F-11D3-BF4B-00C04F79EFBC}") = "Surpath.Clearstar", "Surpath.Clearstar\Surpath.Clearstar.csproj", "{FC813489-91FA-4A40-BDD4-E275B130EEA0}"
EndProject
Project("{FAE04EC0-301F-11D3-BF4B-00C04F79EFBC}") = "SurPath.Business", "SurPath.Business\SurPath.Business.csproj", "{79C8214B-4E98-4CAF-957B-430A9DA9F96A}"
EndProject
Project("{FAE04EC0-301F-11D3-BF4B-00C04F79EFBC}") = "SurPath.Backend.Tests", "SurPath.Backend.Tests\SurPath.Backend.Tests.csproj", "{09181ABE-A34E-41D9-BA7F-BC708CA4131A}"
EndProject
Project("{FAE04EC0-301F-11D3-BF4B-00C04F79EFBC}") = "SharpSSH", "SharpSSH\SharpSSH.csproj", "{D27CF69D-4681-492A-BE4D-D3D209104423}"
EndProject
Project("{FAE04EC0-301F-11D3-BF4B-00C04F79EFBC}") = "HL7UnitTests", "HL7UnitTests\HL7UnitTests.csproj", "{6C1FEC97-2261-466B-91D5-73FADAAE5B4E}"
EndProject
Project("{FAE04EC0-301F-11D3-BF4B-00C04F79EFBC}") = "HL7.Parser", "HL7.Parser\HL7.Parser.csproj", "{10C6BCD3-1833-4E8D-B323-D5CE9B0F0427}"
EndProject
Project("{FAE04EC0-301F-11D3-BF4B-00C04F79EFBC}") = "HL7.Manager", "HL7.Manager\HL7.Manager.csproj", "{E536BC24-8EF6-471A-8E77-38A1D46D45FD}"
EndProject
Project("{FAE04EC0-301F-11D3-BF4B-00C04F79EFBC}") = "HL7.Client", "HL7.Client\HL7.Client.csproj", "{9D274F69-DEFD-41A8-80EA-41865A0774D1}"
EndProject
Project("{FAE04EC0-301F-11D3-BF4B-00C04F79EFBC}") = "MessageBoxManager", "MessageBoxManager\MessageBoxManager.csproj", "{0E9D874E-5354-465E-9EC3-F7A35C268A8A}"
EndProject
Project("{FAE04EC0-301F-11D3-BF4B-00C04F79EFBC}") = "BackendHelpers", "Surpath.Backend\BackendHelpers\BackendHelpers.csproj", "{2041E3C5-840B-4415-AFBA-AC8F63AA1E25}"
EndProject
Project("{FAE04EC0-301F-11D3-BF4B-00C04F79EFBC}") = "SurpathAPIClient", "SurpathAPIClient\SurpathAPIClient.csproj", "{85AD67AC-8F2C-42D9-A619-999AF40F5BE1}"
EndProject
Project("{FAE04EC0-301F-11D3-BF4B-00C04F79EFBC}") = "HL7ParserService", "HL7ParserService\HL7ParserService.csproj", "{9C05DFEA-2E33-4B3B-9950-2AB806597B7F}"
	ProjectSection(ProjectDependencies) = postProject
		{A8B7201C-E846-45DD-AF1D-97AAA4F38884} = {A8B7201C-E846-45DD-AF1D-97AAA4F38884}
		{DFA5A61C-FCEC-47AF-88D7-69868D7B2A31} = {DFA5A61C-FCEC-47AF-88D7-69868D7B2A31}
		{2029E932-E76E-4C99-950E-DD6A0BC144EF} = {2029E932-E76E-4C99-950E-DD6A0BC144EF}
		{CC3E9055-4D25-46F7-9061-C48C817243BB} = {CC3E9055-4D25-46F7-9061-C48C817243BB}
		{BF2ABD72-0ECF-4EF3-9508-FD18E4072B47} = {BF2ABD72-0ECF-4EF3-9508-FD18E4072B47}
		{2041E3C5-840B-4415-AFBA-AC8F63AA1E25} = {2041E3C5-840B-4415-AFBA-AC8F63AA1E25}
		{10C6BCD3-1833-4E8D-B323-D5CE9B0F0427} = {10C6BCD3-1833-4E8D-B323-D5CE9B0F0427}
	EndProjectSection
EndProject
Project("{F184B08F-C81C-45F6-A57F-5ABD9991F28F}") = "VBTests", "VBTests\VBTests.vbproj", "{9C5B4F0C-2808-4DFF-B62C-65D5D0DC8999}"
EndProject
Project("{FAE04EC0-301F-11D3-BF4B-00C04F79EFBC}") = "TLSTest", "TLSTest\TLSTest.csproj", "{8F1ED7CF-51D6-4926-B49F-00E9973EF4AB}"
EndProject
Project("{2150E333-8FDC-42A3-9474-1A3956D46DE8}") = "Common", "Common", "{00D1D8B2-70F4-4536-9C20-459C13CDCEAD}"
	ProjectSection(SolutionItems) = preProject
		Common\SharedAssemblyInfo.cs = Common\SharedAssemblyInfo.cs
	EndProjectSection
EndProject
Project("{FAE04EC0-301F-11D3-BF4B-00C04F79EFBC}") = "ProjectConcertTestCLI", "ProjectConcertTestCLI\ProjectConcertTestCLI.csproj", "{A1B2C3D4-E5F6-7890-ABCD-EF1234567890}"
EndProject
Project("{FAE04EC0-301F-11D3-BF4B-00C04F79EFBC}") = "PCTester", "PCTester\PCTester.csproj", "{655CA96F-01B4-4A61-BCD5-95B4BAD7F3FA}"
EndProject
Global
	GlobalSection(SolutionConfigurationPlatforms) = preSolution
		Ad-Hoc|Any CPU = Ad-Hoc|Any CPU
		Ad-Hoc|iPhone = Ad-Hoc|iPhone
		Ad-Hoc|iPhoneSimulator = Ad-Hoc|iPhoneSimulator
		AppStore|Any CPU = AppStore|Any CPU
		AppStore|iPhone = AppStore|iPhone
		AppStore|iPhoneSimulator = AppStore|iPhoneSimulator
		Debug|Any CPU = Debug|Any CPU
		Debug|iPhone = Debug|iPhone
		Debug|iPhoneSimulator = Debug|iPhoneSimulator
		Release|Any CPU = Release|Any CPU
		Release|iPhone = Release|iPhone
		Release|iPhoneSimulator = Release|iPhoneSimulator
	EndGlobalSection
	GlobalSection(ProjectConfigurationPlatforms) = postSolution
		{CC3E9055-4D25-46F7-9061-C48C817243BB}.Ad-Hoc|Any CPU.ActiveCfg = Release|Any CPU
		{CC3E9055-4D25-46F7-9061-C48C817243BB}.Ad-Hoc|Any CPU.Build.0 = Release|Any CPU
		{CC3E9055-4D25-46F7-9061-C48C817243BB}.Ad-Hoc|iPhone.ActiveCfg = Release|Any CPU
		{CC3E9055-4D25-46F7-9061-C48C817243BB}.Ad-Hoc|iPhone.Build.0 = Release|Any CPU
		{CC3E9055-4D25-46F7-9061-C48C817243BB}.Ad-Hoc|iPhoneSimulator.ActiveCfg = Release|Any CPU
		{CC3E9055-4D25-46F7-9061-C48C817243BB}.Ad-Hoc|iPhoneSimulator.Build.0 = Release|Any CPU
		{CC3E9055-4D25-46F7-9061-C48C817243BB}.AppStore|Any CPU.ActiveCfg = Release|Any CPU
		{CC3E9055-4D25-46F7-9061-C48C817243BB}.AppStore|Any CPU.Build.0 = Release|Any CPU
		{CC3E9055-4D25-46F7-9061-C48C817243BB}.AppStore|iPhone.ActiveCfg = Release|Any CPU
		{CC3E9055-4D25-46F7-9061-C48C817243BB}.AppStore|iPhone.Build.0 = Release|Any CPU
		{CC3E9055-4D25-46F7-9061-C48C817243BB}.AppStore|iPhoneSimulator.ActiveCfg = Release|Any CPU
		{CC3E9055-4D25-46F7-9061-C48C817243BB}.AppStore|iPhoneSimulator.Build.0 = Release|Any CPU
		{CC3E9055-4D25-46F7-9061-C48C817243BB}.Debug|Any CPU.ActiveCfg = Debug|Any CPU
		{CC3E9055-4D25-46F7-9061-C48C817243BB}.Debug|Any CPU.Build.0 = Debug|Any CPU
		{CC3E9055-4D25-46F7-9061-C48C817243BB}.Debug|iPhone.ActiveCfg = Debug|Any CPU
		{CC3E9055-4D25-46F7-9061-C48C817243BB}.Debug|iPhone.Build.0 = Debug|Any CPU
		{CC3E9055-4D25-46F7-9061-C48C817243BB}.Debug|iPhoneSimulator.ActiveCfg = Debug|Any CPU
		{CC3E9055-4D25-46F7-9061-C48C817243BB}.Debug|iPhoneSimulator.Build.0 = Debug|Any CPU
		{CC3E9055-4D25-46F7-9061-C48C817243BB}.Release|Any CPU.ActiveCfg = Release|Any CPU
		{CC3E9055-4D25-46F7-9061-C48C817243BB}.Release|Any CPU.Build.0 = Release|Any CPU
		{CC3E9055-4D25-46F7-9061-C48C817243BB}.Release|iPhone.ActiveCfg = Release|Any CPU
		{CC3E9055-4D25-46F7-9061-C48C817243BB}.Release|iPhone.Build.0 = Release|Any CPU
		{CC3E9055-4D25-46F7-9061-C48C817243BB}.Release|iPhoneSimulator.ActiveCfg = Release|Any CPU
		{CC3E9055-4D25-46F7-9061-C48C817243BB}.Release|iPhoneSimulator.Build.0 = Release|Any CPU
		{7F2E551D-FE4A-488C-896D-E856B4EAA696}.Ad-Hoc|Any CPU.ActiveCfg = Release|Any CPU
		{7F2E551D-FE4A-488C-896D-E856B4EAA696}.Ad-Hoc|Any CPU.Build.0 = Release|Any CPU
		{7F2E551D-FE4A-488C-896D-E856B4EAA696}.Ad-Hoc|iPhone.ActiveCfg = Release|Any CPU
		{7F2E551D-FE4A-488C-896D-E856B4EAA696}.Ad-Hoc|iPhone.Build.0 = Release|Any CPU
		{7F2E551D-FE4A-488C-896D-E856B4EAA696}.Ad-Hoc|iPhoneSimulator.ActiveCfg = Release|Any CPU
		{7F2E551D-FE4A-488C-896D-E856B4EAA696}.Ad-Hoc|iPhoneSimulator.Build.0 = Release|Any CPU
		{7F2E551D-FE4A-488C-896D-E856B4EAA696}.AppStore|Any CPU.ActiveCfg = Release|Any CPU
		{7F2E551D-FE4A-488C-896D-E856B4EAA696}.AppStore|Any CPU.Build.0 = Release|Any CPU
		{7F2E551D-FE4A-488C-896D-E856B4EAA696}.AppStore|iPhone.ActiveCfg = Release|Any CPU
		{7F2E551D-FE4A-488C-896D-E856B4EAA696}.AppStore|iPhone.Build.0 = Release|Any CPU
		{7F2E551D-FE4A-488C-896D-E856B4EAA696}.AppStore|iPhoneSimulator.ActiveCfg = Release|Any CPU
		{7F2E551D-FE4A-488C-896D-E856B4EAA696}.AppStore|iPhoneSimulator.Build.0 = Release|Any CPU
		{7F2E551D-FE4A-488C-896D-E856B4EAA696}.Debug|Any CPU.ActiveCfg = Debug|Any CPU
		{7F2E551D-FE4A-488C-896D-E856B4EAA696}.Debug|Any CPU.Build.0 = Debug|Any CPU
		{7F2E551D-FE4A-488C-896D-E856B4EAA696}.Debug|iPhone.ActiveCfg = Debug|Any CPU
		{7F2E551D-FE4A-488C-896D-E856B4EAA696}.Debug|iPhone.Build.0 = Debug|Any CPU
		{7F2E551D-FE4A-488C-896D-E856B4EAA696}.Debug|iPhoneSimulator.ActiveCfg = Debug|Any CPU
		{7F2E551D-FE4A-488C-896D-E856B4EAA696}.Debug|iPhoneSimulator.Build.0 = Debug|Any CPU
		{7F2E551D-FE4A-488C-896D-E856B4EAA696}.Release|Any CPU.ActiveCfg = Release|Any CPU
		{7F2E551D-FE4A-488C-896D-E856B4EAA696}.Release|Any CPU.Build.0 = Release|Any CPU
		{7F2E551D-FE4A-488C-896D-E856B4EAA696}.Release|iPhone.ActiveCfg = Release|Any CPU
		{7F2E551D-FE4A-488C-896D-E856B4EAA696}.Release|iPhone.Build.0 = Release|Any CPU
		{7F2E551D-FE4A-488C-896D-E856B4EAA696}.Release|iPhoneSimulator.ActiveCfg = Release|Any CPU
		{7F2E551D-FE4A-488C-896D-E856B4EAA696}.Release|iPhoneSimulator.Build.0 = Release|Any CPU
		{BF2ABD72-0ECF-4EF3-9508-FD18E4072B47}.Ad-Hoc|Any CPU.ActiveCfg = Release|Any CPU
		{BF2ABD72-0ECF-4EF3-9508-FD18E4072B47}.Ad-Hoc|Any CPU.Build.0 = Release|Any CPU
		{BF2ABD72-0ECF-4EF3-9508-FD18E4072B47}.Ad-Hoc|iPhone.ActiveCfg = Release|Any CPU
		{BF2ABD72-0ECF-4EF3-9508-FD18E4072B47}.Ad-Hoc|iPhone.Build.0 = Release|Any CPU
		{BF2ABD72-0ECF-4EF3-9508-FD18E4072B47}.Ad-Hoc|iPhoneSimulator.ActiveCfg = Release|Any CPU
		{BF2ABD72-0ECF-4EF3-9508-FD18E4072B47}.Ad-Hoc|iPhoneSimulator.Build.0 = Release|Any CPU
		{BF2ABD72-0ECF-4EF3-9508-FD18E4072B47}.AppStore|Any CPU.ActiveCfg = Release|Any CPU
		{BF2ABD72-0ECF-4EF3-9508-FD18E4072B47}.AppStore|Any CPU.Build.0 = Release|Any CPU
		{BF2ABD72-0ECF-4EF3-9508-FD18E4072B47}.AppStore|iPhone.ActiveCfg = Release|Any CPU
		{BF2ABD72-0ECF-4EF3-9508-FD18E4072B47}.AppStore|iPhone.Build.0 = Release|Any CPU
		{BF2ABD72-0ECF-4EF3-9508-FD18E4072B47}.AppStore|iPhoneSimulator.ActiveCfg = Release|Any CPU
		{BF2ABD72-0ECF-4EF3-9508-FD18E4072B47}.AppStore|iPhoneSimulator.Build.0 = Release|Any CPU
		{BF2ABD72-0ECF-4EF3-9508-FD18E4072B47}.Debug|Any CPU.ActiveCfg = Debug|Any CPU
		{BF2ABD72-0ECF-4EF3-9508-FD18E4072B47}.Debug|Any CPU.Build.0 = Debug|Any CPU
		{BF2ABD72-0ECF-4EF3-9508-FD18E4072B47}.Debug|iPhone.ActiveCfg = Debug|Any CPU
		{BF2ABD72-0ECF-4EF3-9508-FD18E4072B47}.Debug|iPhone.Build.0 = Debug|Any CPU
		{BF2ABD72-0ECF-4EF3-9508-FD18E4072B47}.Debug|iPhoneSimulator.ActiveCfg = Debug|Any CPU
		{BF2ABD72-0ECF-4EF3-9508-FD18E4072B47}.Debug|iPhoneSimulator.Build.0 = Debug|Any CPU
		{BF2ABD72-0ECF-4EF3-9508-FD18E4072B47}.Release|Any CPU.ActiveCfg = Release|Any CPU
		{BF2ABD72-0ECF-4EF3-9508-FD18E4072B47}.Release|Any CPU.Build.0 = Release|Any CPU
		{BF2ABD72-0ECF-4EF3-9508-FD18E4072B47}.Release|iPhone.ActiveCfg = Release|Any CPU
		{BF2ABD72-0ECF-4EF3-9508-FD18E4072B47}.Release|iPhone.Build.0 = Release|Any CPU
		{BF2ABD72-0ECF-4EF3-9508-FD18E4072B47}.Release|iPhoneSimulator.ActiveCfg = Release|Any CPU
		{BF2ABD72-0ECF-4EF3-9508-FD18E4072B47}.Release|iPhoneSimulator.Build.0 = Release|Any CPU
		{FE86A8CF-FF29-407B-81E6-725F96F403B6}.Ad-Hoc|Any CPU.ActiveCfg = Release|Any CPU
		{FE86A8CF-FF29-407B-81E6-725F96F403B6}.Ad-Hoc|Any CPU.Build.0 = Release|Any CPU
		{FE86A8CF-FF29-407B-81E6-725F96F403B6}.Ad-Hoc|iPhone.ActiveCfg = Release|Any CPU
		{FE86A8CF-FF29-407B-81E6-725F96F403B6}.Ad-Hoc|iPhone.Build.0 = Release|Any CPU
		{FE86A8CF-FF29-407B-81E6-725F96F403B6}.Ad-Hoc|iPhoneSimulator.ActiveCfg = Release|Any CPU
		{FE86A8CF-FF29-407B-81E6-725F96F403B6}.Ad-Hoc|iPhoneSimulator.Build.0 = Release|Any CPU
		{FE86A8CF-FF29-407B-81E6-725F96F403B6}.AppStore|Any CPU.ActiveCfg = Release|Any CPU
		{FE86A8CF-FF29-407B-81E6-725F96F403B6}.AppStore|Any CPU.Build.0 = Release|Any CPU
		{FE86A8CF-FF29-407B-81E6-725F96F403B6}.AppStore|iPhone.ActiveCfg = Release|Any CPU
		{FE86A8CF-FF29-407B-81E6-725F96F403B6}.AppStore|iPhone.Build.0 = Release|Any CPU
		{FE86A8CF-FF29-407B-81E6-725F96F403B6}.AppStore|iPhoneSimulator.ActiveCfg = Release|Any CPU
		{FE86A8CF-FF29-407B-81E6-725F96F403B6}.AppStore|iPhoneSimulator.Build.0 = Release|Any CPU
		{FE86A8CF-FF29-407B-81E6-725F96F403B6}.Debug|Any CPU.ActiveCfg = Debug|Any CPU
		{FE86A8CF-FF29-407B-81E6-725F96F403B6}.Debug|Any CPU.Build.0 = Debug|Any CPU
		{FE86A8CF-FF29-407B-81E6-725F96F403B6}.Debug|iPhone.ActiveCfg = Debug|Any CPU
		{FE86A8CF-FF29-407B-81E6-725F96F403B6}.Debug|iPhone.Build.0 = Debug|Any CPU
		{FE86A8CF-FF29-407B-81E6-725F96F403B6}.Debug|iPhoneSimulator.ActiveCfg = Debug|Any CPU
		{FE86A8CF-FF29-407B-81E6-725F96F403B6}.Debug|iPhoneSimulator.Build.0 = Debug|Any CPU
		{FE86A8CF-FF29-407B-81E6-725F96F403B6}.Release|Any CPU.ActiveCfg = Release|Any CPU
		{FE86A8CF-FF29-407B-81E6-725F96F403B6}.Release|Any CPU.Build.0 = Release|Any CPU
		{FE86A8CF-FF29-407B-81E6-725F96F403B6}.Release|iPhone.ActiveCfg = Release|Any CPU
		{FE86A8CF-FF29-407B-81E6-725F96F403B6}.Release|iPhone.Build.0 = Release|Any CPU
		{FE86A8CF-FF29-407B-81E6-725F96F403B6}.Release|iPhoneSimulator.ActiveCfg = Release|Any CPU
		{FE86A8CF-FF29-407B-81E6-725F96F403B6}.Release|iPhoneSimulator.Build.0 = Release|Any CPU
		{E83F24F8-19F6-4E06-8732-87D988A72D00}.Ad-Hoc|Any CPU.ActiveCfg = Release|Any CPU
		{E83F24F8-19F6-4E06-8732-87D988A72D00}.Ad-Hoc|Any CPU.Build.0 = Release|Any CPU
		{E83F24F8-19F6-4E06-8732-87D988A72D00}.Ad-Hoc|iPhone.ActiveCfg = Release|Any CPU
		{E83F24F8-19F6-4E06-8732-87D988A72D00}.Ad-Hoc|iPhone.Build.0 = Release|Any CPU
		{E83F24F8-19F6-4E06-8732-87D988A72D00}.Ad-Hoc|iPhoneSimulator.ActiveCfg = Release|Any CPU
		{E83F24F8-19F6-4E06-8732-87D988A72D00}.Ad-Hoc|iPhoneSimulator.Build.0 = Release|Any CPU
		{E83F24F8-19F6-4E06-8732-87D988A72D00}.AppStore|Any CPU.ActiveCfg = Release|Any CPU
		{E83F24F8-19F6-4E06-8732-87D988A72D00}.AppStore|Any CPU.Build.0 = Release|Any CPU
		{E83F24F8-19F6-4E06-8732-87D988A72D00}.AppStore|iPhone.ActiveCfg = Release|Any CPU
		{E83F24F8-19F6-4E06-8732-87D988A72D00}.AppStore|iPhone.Build.0 = Release|Any CPU
		{E83F24F8-19F6-4E06-8732-87D988A72D00}.AppStore|iPhoneSimulator.ActiveCfg = Release|Any CPU
		{E83F24F8-19F6-4E06-8732-87D988A72D00}.AppStore|iPhoneSimulator.Build.0 = Release|Any CPU
		{E83F24F8-19F6-4E06-8732-87D988A72D00}.Debug|Any CPU.ActiveCfg = Debug|Any CPU
		{E83F24F8-19F6-4E06-8732-87D988A72D00}.Debug|Any CPU.Build.0 = Debug|Any CPU
		{E83F24F8-19F6-4E06-8732-87D988A72D00}.Debug|iPhone.ActiveCfg = Debug|Any CPU
		{E83F24F8-19F6-4E06-8732-87D988A72D00}.Debug|iPhone.Build.0 = Debug|Any CPU
		{E83F24F8-19F6-4E06-8732-87D988A72D00}.Debug|iPhoneSimulator.ActiveCfg = Debug|Any CPU
		{E83F24F8-19F6-4E06-8732-87D988A72D00}.Debug|iPhoneSimulator.Build.0 = Debug|Any CPU
		{E83F24F8-19F6-4E06-8732-87D988A72D00}.Release|Any CPU.ActiveCfg = Release|Any CPU
		{E83F24F8-19F6-4E06-8732-87D988A72D00}.Release|Any CPU.Build.0 = Release|Any CPU
		{E83F24F8-19F6-4E06-8732-87D988A72D00}.Release|iPhone.ActiveCfg = Release|Any CPU
		{E83F24F8-19F6-4E06-8732-87D988A72D00}.Release|iPhone.Build.0 = Release|Any CPU
		{E83F24F8-19F6-4E06-8732-87D988A72D00}.Release|iPhoneSimulator.ActiveCfg = Release|Any CPU
		{E83F24F8-19F6-4E06-8732-87D988A72D00}.Release|iPhoneSimulator.Build.0 = Release|Any CPU
		{2F81B82C-A9E5-428B-9002-C54BBDA6216C}.Ad-Hoc|Any CPU.ActiveCfg = Release|Any CPU
		{2F81B82C-A9E5-428B-9002-C54BBDA6216C}.Ad-Hoc|Any CPU.Build.0 = Release|Any CPU
		{2F81B82C-A9E5-428B-9002-C54BBDA6216C}.Ad-Hoc|iPhone.ActiveCfg = Release|Any CPU
		{2F81B82C-A9E5-428B-9002-C54BBDA6216C}.Ad-Hoc|iPhone.Build.0 = Release|Any CPU
		{2F81B82C-A9E5-428B-9002-C54BBDA6216C}.Ad-Hoc|iPhoneSimulator.ActiveCfg = Release|Any CPU
		{2F81B82C-A9E5-428B-9002-C54BBDA6216C}.Ad-Hoc|iPhoneSimulator.Build.0 = Release|Any CPU
		{2F81B82C-A9E5-428B-9002-C54BBDA6216C}.AppStore|Any CPU.ActiveCfg = Release|Any CPU
		{2F81B82C-A9E5-428B-9002-C54BBDA6216C}.AppStore|Any CPU.Build.0 = Release|Any CPU
		{2F81B82C-A9E5-428B-9002-C54BBDA6216C}.AppStore|iPhone.ActiveCfg = Release|Any CPU
		{2F81B82C-A9E5-428B-9002-C54BBDA6216C}.AppStore|iPhone.Build.0 = Release|Any CPU
		{2F81B82C-A9E5-428B-9002-C54BBDA6216C}.AppStore|iPhoneSimulator.ActiveCfg = Release|Any CPU
		{2F81B82C-A9E5-428B-9002-C54BBDA6216C}.AppStore|iPhoneSimulator.Build.0 = Release|Any CPU
		{2F81B82C-A9E5-428B-9002-C54BBDA6216C}.Debug|Any CPU.ActiveCfg = Debug|Any CPU
		{2F81B82C-A9E5-428B-9002-C54BBDA6216C}.Debug|Any CPU.Build.0 = Debug|Any CPU
		{2F81B82C-A9E5-428B-9002-C54BBDA6216C}.Debug|iPhone.ActiveCfg = Debug|Any CPU
		{2F81B82C-A9E5-428B-9002-C54BBDA6216C}.Debug|iPhone.Build.0 = Debug|Any CPU
		{2F81B82C-A9E5-428B-9002-C54BBDA6216C}.Debug|iPhoneSimulator.ActiveCfg = Debug|Any CPU
		{2F81B82C-A9E5-428B-9002-C54BBDA6216C}.Debug|iPhoneSimulator.Build.0 = Debug|Any CPU
		{2F81B82C-A9E5-428B-9002-C54BBDA6216C}.Release|Any CPU.ActiveCfg = Release|Any CPU
		{2F81B82C-A9E5-428B-9002-C54BBDA6216C}.Release|Any CPU.Build.0 = Release|Any CPU
		{2F81B82C-A9E5-428B-9002-C54BBDA6216C}.Release|iPhone.ActiveCfg = Release|Any CPU
		{2F81B82C-A9E5-428B-9002-C54BBDA6216C}.Release|iPhone.Build.0 = Release|Any CPU
		{2F81B82C-A9E5-428B-9002-C54BBDA6216C}.Release|iPhoneSimulator.ActiveCfg = Release|Any CPU
		{2F81B82C-A9E5-428B-9002-C54BBDA6216C}.Release|iPhoneSimulator.Build.0 = Release|Any CPU
		{22247119-655C-4DEC-98F3-FF0A3998D638}.Ad-Hoc|Any CPU.ActiveCfg = Release|Any CPU
		{22247119-655C-4DEC-98F3-FF0A3998D638}.Ad-Hoc|Any CPU.Build.0 = Release|Any CPU
		{22247119-655C-4DEC-98F3-FF0A3998D638}.Ad-Hoc|iPhone.ActiveCfg = Release|Any CPU
		{22247119-655C-4DEC-98F3-FF0A3998D638}.Ad-Hoc|iPhone.Build.0 = Release|Any CPU
		{22247119-655C-4DEC-98F3-FF0A3998D638}.Ad-Hoc|iPhoneSimulator.ActiveCfg = Release|Any CPU
		{22247119-655C-4DEC-98F3-FF0A3998D638}.Ad-Hoc|iPhoneSimulator.Build.0 = Release|Any CPU
		{22247119-655C-4DEC-98F3-FF0A3998D638}.AppStore|Any CPU.ActiveCfg = Release|Any CPU
		{22247119-655C-4DEC-98F3-FF0A3998D638}.AppStore|Any CPU.Build.0 = Release|Any CPU
		{22247119-655C-4DEC-98F3-FF0A3998D638}.AppStore|iPhone.ActiveCfg = Release|Any CPU
		{22247119-655C-4DEC-98F3-FF0A3998D638}.AppStore|iPhone.Build.0 = Release|Any CPU
		{22247119-655C-4DEC-98F3-FF0A3998D638}.AppStore|iPhoneSimulator.ActiveCfg = Release|Any CPU
		{22247119-655C-4DEC-98F3-FF0A3998D638}.AppStore|iPhoneSimulator.Build.0 = Release|Any CPU
		{22247119-655C-4DEC-98F3-FF0A3998D638}.Debug|Any CPU.ActiveCfg = Debug|Any CPU
		{22247119-655C-4DEC-98F3-FF0A3998D638}.Debug|Any CPU.Build.0 = Debug|Any CPU
		{22247119-655C-4DEC-98F3-FF0A3998D638}.Debug|iPhone.ActiveCfg = Debug|Any CPU
		{22247119-655C-4DEC-98F3-FF0A3998D638}.Debug|iPhone.Build.0 = Debug|Any CPU
		{22247119-655C-4DEC-98F3-FF0A3998D638}.Debug|iPhoneSimulator.ActiveCfg = Debug|Any CPU
		{22247119-655C-4DEC-98F3-FF0A3998D638}.Debug|iPhoneSimulator.Build.0 = Debug|Any CPU
		{22247119-655C-4DEC-98F3-FF0A3998D638}.Release|Any CPU.ActiveCfg = Release|Any CPU
		{22247119-655C-4DEC-98F3-FF0A3998D638}.Release|Any CPU.Build.0 = Release|Any CPU
		{22247119-655C-4DEC-98F3-FF0A3998D638}.Release|iPhone.ActiveCfg = Release|Any CPU
		{22247119-655C-4DEC-98F3-FF0A3998D638}.Release|iPhone.Build.0 = Release|Any CPU
		{22247119-655C-4DEC-98F3-FF0A3998D638}.Release|iPhoneSimulator.ActiveCfg = Release|Any CPU
		{22247119-655C-4DEC-98F3-FF0A3998D638}.Release|iPhoneSimulator.Build.0 = Release|Any CPU
		{A8B7201C-E846-45DD-AF1D-97AAA4F38884}.Ad-Hoc|Any CPU.ActiveCfg = Release|Any CPU
		{A8B7201C-E846-45DD-AF1D-97AAA4F38884}.Ad-Hoc|Any CPU.Build.0 = Release|Any CPU
		{A8B7201C-E846-45DD-AF1D-97AAA4F38884}.Ad-Hoc|iPhone.ActiveCfg = Release|Any CPU
		{A8B7201C-E846-45DD-AF1D-97AAA4F38884}.Ad-Hoc|iPhone.Build.0 = Release|Any CPU
		{A8B7201C-E846-45DD-AF1D-97AAA4F38884}.Ad-Hoc|iPhoneSimulator.ActiveCfg = Release|Any CPU
		{A8B7201C-E846-45DD-AF1D-97AAA4F38884}.Ad-Hoc|iPhoneSimulator.Build.0 = Release|Any CPU
		{A8B7201C-E846-45DD-AF1D-97AAA4F38884}.AppStore|Any CPU.ActiveCfg = Release|Any CPU
		{A8B7201C-E846-45DD-AF1D-97AAA4F38884}.AppStore|Any CPU.Build.0 = Release|Any CPU
		{A8B7201C-E846-45DD-AF1D-97AAA4F38884}.AppStore|iPhone.ActiveCfg = Release|Any CPU
		{A8B7201C-E846-45DD-AF1D-97AAA4F38884}.AppStore|iPhone.Build.0 = Release|Any CPU
		{A8B7201C-E846-45DD-AF1D-97AAA4F38884}.AppStore|iPhoneSimulator.ActiveCfg = Release|Any CPU
		{A8B7201C-E846-45DD-AF1D-97AAA4F38884}.AppStore|iPhoneSimulator.Build.0 = Release|Any CPU
		{A8B7201C-E846-45DD-AF1D-97AAA4F38884}.Debug|Any CPU.ActiveCfg = Debug|Any CPU
		{A8B7201C-E846-45DD-AF1D-97AAA4F38884}.Debug|iPhone.ActiveCfg = Debug|Any CPU
		{A8B7201C-E846-45DD-AF1D-97AAA4F38884}.Debug|iPhone.Build.0 = Debug|Any CPU
		{A8B7201C-E846-45DD-AF1D-97AAA4F38884}.Debug|iPhoneSimulator.ActiveCfg = Debug|Any CPU
		{A8B7201C-E846-45DD-AF1D-97AAA4F38884}.Debug|iPhoneSimulator.Build.0 = Debug|Any CPU
		{A8B7201C-E846-45DD-AF1D-97AAA4F38884}.Release|Any CPU.ActiveCfg = Release|Any CPU
		{A8B7201C-E846-45DD-AF1D-97AAA4F38884}.Release|Any CPU.Build.0 = Release|Any CPU
		{A8B7201C-E846-45DD-AF1D-97AAA4F38884}.Release|iPhone.ActiveCfg = Release|Any CPU
		{A8B7201C-E846-45DD-AF1D-97AAA4F38884}.Release|iPhone.Build.0 = Release|Any CPU
		{A8B7201C-E846-45DD-AF1D-97AAA4F38884}.Release|iPhoneSimulator.ActiveCfg = Release|Any CPU
		{A8B7201C-E846-45DD-AF1D-97AAA4F38884}.Release|iPhoneSimulator.Build.0 = Release|Any CPU
		{7867073E-E521-41AF-927A-10BA681F65DE}.Ad-Hoc|Any CPU.ActiveCfg = Release|Any CPU
		{7867073E-E521-41AF-927A-10BA681F65DE}.Ad-Hoc|Any CPU.Build.0 = Release|Any CPU
		{7867073E-E521-41AF-927A-10BA681F65DE}.Ad-Hoc|iPhone.ActiveCfg = Release|Any CPU
		{7867073E-E521-41AF-927A-10BA681F65DE}.Ad-Hoc|iPhone.Build.0 = Release|Any CPU
		{7867073E-E521-41AF-927A-10BA681F65DE}.Ad-Hoc|iPhoneSimulator.ActiveCfg = Release|Any CPU
		{7867073E-E521-41AF-927A-10BA681F65DE}.Ad-Hoc|iPhoneSimulator.Build.0 = Release|Any CPU
		{7867073E-E521-41AF-927A-10BA681F65DE}.AppStore|Any CPU.ActiveCfg = Release|Any CPU
		{7867073E-E521-41AF-927A-10BA681F65DE}.AppStore|Any CPU.Build.0 = Release|Any CPU
		{7867073E-E521-41AF-927A-10BA681F65DE}.AppStore|iPhone.ActiveCfg = Release|Any CPU
		{7867073E-E521-41AF-927A-10BA681F65DE}.AppStore|iPhone.Build.0 = Release|Any CPU
		{7867073E-E521-41AF-927A-10BA681F65DE}.AppStore|iPhoneSimulator.ActiveCfg = Release|Any CPU
		{7867073E-E521-41AF-927A-10BA681F65DE}.AppStore|iPhoneSimulator.Build.0 = Release|Any CPU
		{7867073E-E521-41AF-927A-10BA681F65DE}.Debug|Any CPU.ActiveCfg = Debug|Any CPU
		{7867073E-E521-41AF-927A-10BA681F65DE}.Debug|Any CPU.Build.0 = Debug|Any CPU
		{7867073E-E521-41AF-927A-10BA681F65DE}.Debug|iPhone.ActiveCfg = Debug|Any CPU
		{7867073E-E521-41AF-927A-10BA681F65DE}.Debug|iPhone.Build.0 = Debug|Any CPU
		{7867073E-E521-41AF-927A-10BA681F65DE}.Debug|iPhoneSimulator.ActiveCfg = Debug|Any CPU
		{7867073E-E521-41AF-927A-10BA681F65DE}.Debug|iPhoneSimulator.Build.0 = Debug|Any CPU
		{7867073E-E521-41AF-927A-10BA681F65DE}.Release|Any CPU.ActiveCfg = Release|Any CPU
		{7867073E-E521-41AF-927A-10BA681F65DE}.Release|Any CPU.Build.0 = Release|Any CPU
		{7867073E-E521-41AF-927A-10BA681F65DE}.Release|iPhone.ActiveCfg = Release|Any CPU
		{7867073E-E521-41AF-927A-10BA681F65DE}.Release|iPhone.Build.0 = Release|Any CPU
		{7867073E-E521-41AF-927A-10BA681F65DE}.Release|iPhoneSimulator.ActiveCfg = Release|Any CPU
		{7867073E-E521-41AF-927A-10BA681F65DE}.Release|iPhoneSimulator.Build.0 = Release|Any CPU
		{2029E932-E76E-4C99-950E-DD6A0BC144EF}.Ad-Hoc|Any CPU.ActiveCfg = Release|Any CPU
		{2029E932-E76E-4C99-950E-DD6A0BC144EF}.Ad-Hoc|Any CPU.Build.0 = Release|Any CPU
		{2029E932-E76E-4C99-950E-DD6A0BC144EF}.Ad-Hoc|iPhone.ActiveCfg = Release|Any CPU
		{2029E932-E76E-4C99-950E-DD6A0BC144EF}.Ad-Hoc|iPhone.Build.0 = Release|Any CPU
		{2029E932-E76E-4C99-950E-DD6A0BC144EF}.Ad-Hoc|iPhoneSimulator.ActiveCfg = Release|Any CPU
		{2029E932-E76E-4C99-950E-DD6A0BC144EF}.Ad-Hoc|iPhoneSimulator.Build.0 = Release|Any CPU
		{2029E932-E76E-4C99-950E-DD6A0BC144EF}.AppStore|Any CPU.ActiveCfg = Release|Any CPU
		{2029E932-E76E-4C99-950E-DD6A0BC144EF}.AppStore|Any CPU.Build.0 = Release|Any CPU
		{2029E932-E76E-4C99-950E-DD6A0BC144EF}.AppStore|iPhone.ActiveCfg = Release|Any CPU
		{2029E932-E76E-4C99-950E-DD6A0BC144EF}.AppStore|iPhone.Build.0 = Release|Any CPU
		{2029E932-E76E-4C99-950E-DD6A0BC144EF}.AppStore|iPhoneSimulator.ActiveCfg = Release|Any CPU
		{2029E932-E76E-4C99-950E-DD6A0BC144EF}.AppStore|iPhoneSimulator.Build.0 = Release|Any CPU
		{2029E932-E76E-4C99-950E-DD6A0BC144EF}.Debug|Any CPU.ActiveCfg = Debug|Any CPU
		{2029E932-E76E-4C99-950E-DD6A0BC144EF}.Debug|iPhone.ActiveCfg = Debug|Any CPU
		{2029E932-E76E-4C99-950E-DD6A0BC144EF}.Debug|iPhone.Build.0 = Debug|Any CPU
		{2029E932-E76E-4C99-950E-DD6A0BC144EF}.Debug|iPhoneSimulator.ActiveCfg = Debug|Any CPU
		{2029E932-E76E-4C99-950E-DD6A0BC144EF}.Debug|iPhoneSimulator.Build.0 = Debug|Any CPU
		{2029E932-E76E-4C99-950E-DD6A0BC144EF}.Release|Any CPU.ActiveCfg = Release|Any CPU
		{2029E932-E76E-4C99-950E-DD6A0BC144EF}.Release|Any CPU.Build.0 = Release|Any CPU
		{2029E932-E76E-4C99-950E-DD6A0BC144EF}.Release|iPhone.ActiveCfg = Release|Any CPU
		{2029E932-E76E-4C99-950E-DD6A0BC144EF}.Release|iPhone.Build.0 = Release|Any CPU
		{2029E932-E76E-4C99-950E-DD6A0BC144EF}.Release|iPhoneSimulator.ActiveCfg = Release|Any CPU
		{2029E932-E76E-4C99-950E-DD6A0BC144EF}.Release|iPhoneSimulator.Build.0 = Release|Any CPU
		{DFA5A61C-FCEC-47AF-88D7-69868D7B2A31}.Ad-Hoc|Any CPU.ActiveCfg = Release|Any CPU
		{DFA5A61C-FCEC-47AF-88D7-69868D7B2A31}.Ad-Hoc|Any CPU.Build.0 = Release|Any CPU
		{DFA5A61C-FCEC-47AF-88D7-69868D7B2A31}.Ad-Hoc|iPhone.ActiveCfg = Release|Any CPU
		{DFA5A61C-FCEC-47AF-88D7-69868D7B2A31}.Ad-Hoc|iPhone.Build.0 = Release|Any CPU
		{DFA5A61C-FCEC-47AF-88D7-69868D7B2A31}.Ad-Hoc|iPhoneSimulator.ActiveCfg = Release|Any CPU
		{DFA5A61C-FCEC-47AF-88D7-69868D7B2A31}.Ad-Hoc|iPhoneSimulator.Build.0 = Release|Any CPU
		{DFA5A61C-FCEC-47AF-88D7-69868D7B2A31}.AppStore|Any CPU.ActiveCfg = Release|Any CPU
		{DFA5A61C-FCEC-47AF-88D7-69868D7B2A31}.AppStore|Any CPU.Build.0 = Release|Any CPU
		{DFA5A61C-FCEC-47AF-88D7-69868D7B2A31}.AppStore|iPhone.ActiveCfg = Release|Any CPU
		{DFA5A61C-FCEC-47AF-88D7-69868D7B2A31}.AppStore|iPhone.Build.0 = Release|Any CPU
		{DFA5A61C-FCEC-47AF-88D7-69868D7B2A31}.AppStore|iPhoneSimulator.ActiveCfg = Release|Any CPU
		{DFA5A61C-FCEC-47AF-88D7-69868D7B2A31}.AppStore|iPhoneSimulator.Build.0 = Release|Any CPU
		{DFA5A61C-FCEC-47AF-88D7-69868D7B2A31}.Debug|Any CPU.ActiveCfg = Debug|Any CPU
		{DFA5A61C-FCEC-47AF-88D7-69868D7B2A31}.Debug|iPhone.ActiveCfg = Debug|Any CPU
		{DFA5A61C-FCEC-47AF-88D7-69868D7B2A31}.Debug|iPhone.Build.0 = Debug|Any CPU
		{DFA5A61C-FCEC-47AF-88D7-69868D7B2A31}.Debug|iPhoneSimulator.ActiveCfg = Debug|Any CPU
		{DFA5A61C-FCEC-47AF-88D7-69868D7B2A31}.Debug|iPhoneSimulator.Build.0 = Debug|Any CPU
		{DFA5A61C-FCEC-47AF-88D7-69868D7B2A31}.Release|Any CPU.ActiveCfg = Release|Any CPU
		{DFA5A61C-FCEC-47AF-88D7-69868D7B2A31}.Release|Any CPU.Build.0 = Release|Any CPU
		{DFA5A61C-FCEC-47AF-88D7-69868D7B2A31}.Release|iPhone.ActiveCfg = Release|Any CPU
		{DFA5A61C-FCEC-47AF-88D7-69868D7B2A31}.Release|iPhone.Build.0 = Release|Any CPU
		{DFA5A61C-FCEC-47AF-88D7-69868D7B2A31}.Release|iPhoneSimulator.ActiveCfg = Release|Any CPU
		{DFA5A61C-FCEC-47AF-88D7-69868D7B2A31}.Release|iPhoneSimulator.Build.0 = Release|Any CPU
		{FC813489-91FA-4A40-BDD4-E275B130EEA0}.Ad-Hoc|Any CPU.ActiveCfg = Release|Any CPU
		{FC813489-91FA-4A40-BDD4-E275B130EEA0}.Ad-Hoc|Any CPU.Build.0 = Release|Any CPU
		{FC813489-91FA-4A40-BDD4-E275B130EEA0}.Ad-Hoc|iPhone.ActiveCfg = Release|Any CPU
		{FC813489-91FA-4A40-BDD4-E275B130EEA0}.Ad-Hoc|iPhone.Build.0 = Release|Any CPU
		{FC813489-91FA-4A40-BDD4-E275B130EEA0}.Ad-Hoc|iPhoneSimulator.ActiveCfg = Release|Any CPU
		{FC813489-91FA-4A40-BDD4-E275B130EEA0}.Ad-Hoc|iPhoneSimulator.Build.0 = Release|Any CPU
		{FC813489-91FA-4A40-BDD4-E275B130EEA0}.AppStore|Any CPU.ActiveCfg = Release|Any CPU
		{FC813489-91FA-4A40-BDD4-E275B130EEA0}.AppStore|Any CPU.Build.0 = Release|Any CPU
		{FC813489-91FA-4A40-BDD4-E275B130EEA0}.AppStore|iPhone.ActiveCfg = Release|Any CPU
		{FC813489-91FA-4A40-BDD4-E275B130EEA0}.AppStore|iPhone.Build.0 = Release|Any CPU
		{FC813489-91FA-4A40-BDD4-E275B130EEA0}.AppStore|iPhoneSimulator.ActiveCfg = Release|Any CPU
		{FC813489-91FA-4A40-BDD4-E275B130EEA0}.AppStore|iPhoneSimulator.Build.0 = Release|Any CPU
		{FC813489-91FA-4A40-BDD4-E275B130EEA0}.Debug|Any CPU.ActiveCfg = Debug|Any CPU
		{FC813489-91FA-4A40-BDD4-E275B130EEA0}.Debug|Any CPU.Build.0 = Debug|Any CPU
		{FC813489-91FA-4A40-BDD4-E275B130EEA0}.Debug|iPhone.ActiveCfg = Debug|Any CPU
		{FC813489-91FA-4A40-BDD4-E275B130EEA0}.Debug|iPhone.Build.0 = Debug|Any CPU
		{FC813489-91FA-4A40-BDD4-E275B130EEA0}.Debug|iPhoneSimulator.ActiveCfg = Debug|Any CPU
		{FC813489-91FA-4A40-BDD4-E275B130EEA0}.Debug|iPhoneSimulator.Build.0 = Debug|Any CPU
		{FC813489-91FA-4A40-BDD4-E275B130EEA0}.Release|Any CPU.ActiveCfg = Release|Any CPU
		{FC813489-91FA-4A40-BDD4-E275B130EEA0}.Release|Any CPU.Build.0 = Release|Any CPU
		{FC813489-91FA-4A40-BDD4-E275B130EEA0}.Release|iPhone.ActiveCfg = Release|Any CPU
		{FC813489-91FA-4A40-BDD4-E275B130EEA0}.Release|iPhone.Build.0 = Release|Any CPU
		{FC813489-91FA-4A40-BDD4-E275B130EEA0}.Release|iPhoneSimulator.ActiveCfg = Release|Any CPU
		{FC813489-91FA-4A40-BDD4-E275B130EEA0}.Release|iPhoneSimulator.Build.0 = Release|Any CPU
		{79C8214B-4E98-4CAF-957B-430A9DA9F96A}.Ad-Hoc|Any CPU.ActiveCfg = Release|Any CPU
		{79C8214B-4E98-4CAF-957B-430A9DA9F96A}.Ad-Hoc|Any CPU.Build.0 = Release|Any CPU
		{79C8214B-4E98-4CAF-957B-430A9DA9F96A}.Ad-Hoc|iPhone.ActiveCfg = Release|Any CPU
		{79C8214B-4E98-4CAF-957B-430A9DA9F96A}.Ad-Hoc|iPhone.Build.0 = Release|Any CPU
		{79C8214B-4E98-4CAF-957B-430A9DA9F96A}.Ad-Hoc|iPhoneSimulator.ActiveCfg = Release|Any CPU
		{79C8214B-4E98-4CAF-957B-430A9DA9F96A}.Ad-Hoc|iPhoneSimulator.Build.0 = Release|Any CPU
		{79C8214B-4E98-4CAF-957B-430A9DA9F96A}.AppStore|Any CPU.ActiveCfg = Release|Any CPU
		{79C8214B-4E98-4CAF-957B-430A9DA9F96A}.AppStore|Any CPU.Build.0 = Release|Any CPU
		{79C8214B-4E98-4CAF-957B-430A9DA9F96A}.AppStore|iPhone.ActiveCfg = Release|Any CPU
		{79C8214B-4E98-4CAF-957B-430A9DA9F96A}.AppStore|iPhone.Build.0 = Release|Any CPU
		{79C8214B-4E98-4CAF-957B-430A9DA9F96A}.AppStore|iPhoneSimulator.ActiveCfg = Release|Any CPU
		{79C8214B-4E98-4CAF-957B-430A9DA9F96A}.AppStore|iPhoneSimulator.Build.0 = Release|Any CPU
		{79C8214B-4E98-4CAF-957B-430A9DA9F96A}.Debug|Any CPU.ActiveCfg = Debug|Any CPU
		{79C8214B-4E98-4CAF-957B-430A9DA9F96A}.Debug|Any CPU.Build.0 = Debug|Any CPU
		{79C8214B-4E98-4CAF-957B-430A9DA9F96A}.Debug|iPhone.ActiveCfg = Debug|Any CPU
		{79C8214B-4E98-4CAF-957B-430A9DA9F96A}.Debug|iPhone.Build.0 = Debug|Any CPU
		{79C8214B-4E98-4CAF-957B-430A9DA9F96A}.Debug|iPhoneSimulator.ActiveCfg = Debug|Any CPU
		{79C8214B-4E98-4CAF-957B-430A9DA9F96A}.Debug|iPhoneSimulator.Build.0 = Debug|Any CPU
		{79C8214B-4E98-4CAF-957B-430A9DA9F96A}.Release|Any CPU.ActiveCfg = Release|Any CPU
		{79C8214B-4E98-4CAF-957B-430A9DA9F96A}.Release|Any CPU.Build.0 = Release|Any CPU
		{79C8214B-4E98-4CAF-957B-430A9DA9F96A}.Release|iPhone.ActiveCfg = Release|Any CPU
		{79C8214B-4E98-4CAF-957B-430A9DA9F96A}.Release|iPhone.Build.0 = Release|Any CPU
		{79C8214B-4E98-4CAF-957B-430A9DA9F96A}.Release|iPhoneSimulator.ActiveCfg = Release|Any CPU
		{79C8214B-4E98-4CAF-957B-430A9DA9F96A}.Release|iPhoneSimulator.Build.0 = Release|Any CPU
		{09181ABE-A34E-41D9-BA7F-BC708CA4131A}.Ad-Hoc|Any CPU.ActiveCfg = Release|Any CPU
		{09181ABE-A34E-41D9-BA7F-BC708CA4131A}.Ad-Hoc|Any CPU.Build.0 = Release|Any CPU
		{09181ABE-A34E-41D9-BA7F-BC708CA4131A}.Ad-Hoc|iPhone.ActiveCfg = Release|Any CPU
		{09181ABE-A34E-41D9-BA7F-BC708CA4131A}.Ad-Hoc|iPhone.Build.0 = Release|Any CPU
		{09181ABE-A34E-41D9-BA7F-BC708CA4131A}.Ad-Hoc|iPhoneSimulator.ActiveCfg = Release|Any CPU
		{09181ABE-A34E-41D9-BA7F-BC708CA4131A}.Ad-Hoc|iPhoneSimulator.Build.0 = Release|Any CPU
		{09181ABE-A34E-41D9-BA7F-BC708CA4131A}.AppStore|Any CPU.ActiveCfg = Release|Any CPU
		{09181ABE-A34E-41D9-BA7F-BC708CA4131A}.AppStore|Any CPU.Build.0 = Release|Any CPU
		{09181ABE-A34E-41D9-BA7F-BC708CA4131A}.AppStore|iPhone.ActiveCfg = Release|Any CPU
		{09181ABE-A34E-41D9-BA7F-BC708CA4131A}.AppStore|iPhone.Build.0 = Release|Any CPU
		{09181ABE-A34E-41D9-BA7F-BC708CA4131A}.AppStore|iPhoneSimulator.ActiveCfg = Release|Any CPU
		{09181ABE-A34E-41D9-BA7F-BC708CA4131A}.AppStore|iPhoneSimulator.Build.0 = Release|Any CPU
		{09181ABE-A34E-41D9-BA7F-BC708CA4131A}.Debug|Any CPU.ActiveCfg = Debug|Any CPU
		{09181ABE-A34E-41D9-BA7F-BC708CA4131A}.Debug|Any CPU.Build.0 = Debug|Any CPU
		{09181ABE-A34E-41D9-BA7F-BC708CA4131A}.Debug|iPhone.ActiveCfg = Debug|Any CPU
		{09181ABE-A34E-41D9-BA7F-BC708CA4131A}.Debug|iPhone.Build.0 = Debug|Any CPU
		{09181ABE-A34E-41D9-BA7F-BC708CA4131A}.Debug|iPhoneSimulator.ActiveCfg = Debug|Any CPU
		{09181ABE-A34E-41D9-BA7F-BC708CA4131A}.Debug|iPhoneSimulator.Build.0 = Debug|Any CPU
		{09181ABE-A34E-41D9-BA7F-BC708CA4131A}.Release|Any CPU.ActiveCfg = Release|Any CPU
		{09181ABE-A34E-41D9-BA7F-BC708CA4131A}.Release|Any CPU.Build.0 = Release|Any CPU
		{09181ABE-A34E-41D9-BA7F-BC708CA4131A}.Release|iPhone.ActiveCfg = Release|Any CPU
		{09181ABE-A34E-41D9-BA7F-BC708CA4131A}.Release|iPhone.Build.0 = Release|Any CPU
		{09181ABE-A34E-41D9-BA7F-BC708CA4131A}.Release|iPhoneSimulator.ActiveCfg = Release|Any CPU
		{09181ABE-A34E-41D9-BA7F-BC708CA4131A}.Release|iPhoneSimulator.Build.0 = Release|Any CPU
		{D27CF69D-4681-492A-BE4D-D3D209104423}.Ad-Hoc|Any CPU.ActiveCfg = Release|Any CPU
		{D27CF69D-4681-492A-BE4D-D3D209104423}.Ad-Hoc|Any CPU.Build.0 = Release|Any CPU
		{D27CF69D-4681-492A-BE4D-D3D209104423}.Ad-Hoc|iPhone.ActiveCfg = Release|Any CPU
		{D27CF69D-4681-492A-BE4D-D3D209104423}.Ad-Hoc|iPhone.Build.0 = Release|Any CPU
		{D27CF69D-4681-492A-BE4D-D3D209104423}.Ad-Hoc|iPhoneSimulator.ActiveCfg = Release|Any CPU
		{D27CF69D-4681-492A-BE4D-D3D209104423}.Ad-Hoc|iPhoneSimulator.Build.0 = Release|Any CPU
		{D27CF69D-4681-492A-BE4D-D3D209104423}.AppStore|Any CPU.ActiveCfg = Release|Any CPU
		{D27CF69D-4681-492A-BE4D-D3D209104423}.AppStore|Any CPU.Build.0 = Release|Any CPU
		{D27CF69D-4681-492A-BE4D-D3D209104423}.AppStore|iPhone.ActiveCfg = Release|Any CPU
		{D27CF69D-4681-492A-BE4D-D3D209104423}.AppStore|iPhone.Build.0 = Release|Any CPU
		{D27CF69D-4681-492A-BE4D-D3D209104423}.AppStore|iPhoneSimulator.ActiveCfg = Release|Any CPU
		{D27CF69D-4681-492A-BE4D-D3D209104423}.AppStore|iPhoneSimulator.Build.0 = Release|Any CPU
		{D27CF69D-4681-492A-BE4D-D3D209104423}.Debug|Any CPU.ActiveCfg = Debug|Any CPU
		{D27CF69D-4681-492A-BE4D-D3D209104423}.Debug|Any CPU.Build.0 = Debug|Any CPU
		{D27CF69D-4681-492A-BE4D-D3D209104423}.Debug|iPhone.ActiveCfg = Debug|Any CPU
		{D27CF69D-4681-492A-BE4D-D3D209104423}.Debug|iPhone.Build.0 = Debug|Any CPU
		{D27CF69D-4681-492A-BE4D-D3D209104423}.Debug|iPhoneSimulator.ActiveCfg = Debug|Any CPU
		{D27CF69D-4681-492A-BE4D-D3D209104423}.Debug|iPhoneSimulator.Build.0 = Debug|Any CPU
		{D27CF69D-4681-492A-BE4D-D3D209104423}.Release|Any CPU.ActiveCfg = Release|Any CPU
		{D27CF69D-4681-492A-BE4D-D3D209104423}.Release|Any CPU.Build.0 = Release|Any CPU
		{D27CF69D-4681-492A-BE4D-D3D209104423}.Release|iPhone.ActiveCfg = Release|Any CPU
		{D27CF69D-4681-492A-BE4D-D3D209104423}.Release|iPhone.Build.0 = Release|Any CPU
		{D27CF69D-4681-492A-BE4D-D3D209104423}.Release|iPhoneSimulator.ActiveCfg = Release|Any CPU
		{D27CF69D-4681-492A-BE4D-D3D209104423}.Release|iPhoneSimulator.Build.0 = Release|Any CPU
		{6C1FEC97-2261-466B-91D5-73FADAAE5B4E}.Ad-Hoc|Any CPU.ActiveCfg = Release|Any CPU
		{6C1FEC97-2261-466B-91D5-73FADAAE5B4E}.Ad-Hoc|Any CPU.Build.0 = Release|Any CPU
		{6C1FEC97-2261-466B-91D5-73FADAAE5B4E}.Ad-Hoc|iPhone.ActiveCfg = Release|Any CPU
		{6C1FEC97-2261-466B-91D5-73FADAAE5B4E}.Ad-Hoc|iPhone.Build.0 = Release|Any CPU
		{6C1FEC97-2261-466B-91D5-73FADAAE5B4E}.Ad-Hoc|iPhoneSimulator.ActiveCfg = Release|Any CPU
		{6C1FEC97-2261-466B-91D5-73FADAAE5B4E}.Ad-Hoc|iPhoneSimulator.Build.0 = Release|Any CPU
		{6C1FEC97-2261-466B-91D5-73FADAAE5B4E}.AppStore|Any CPU.ActiveCfg = Release|Any CPU
		{6C1FEC97-2261-466B-91D5-73FADAAE5B4E}.AppStore|Any CPU.Build.0 = Release|Any CPU
		{6C1FEC97-2261-466B-91D5-73FADAAE5B4E}.AppStore|iPhone.ActiveCfg = Release|Any CPU
		{6C1FEC97-2261-466B-91D5-73FADAAE5B4E}.AppStore|iPhone.Build.0 = Release|Any CPU
		{6C1FEC97-2261-466B-91D5-73FADAAE5B4E}.AppStore|iPhoneSimulator.ActiveCfg = Release|Any CPU
		{6C1FEC97-2261-466B-91D5-73FADAAE5B4E}.AppStore|iPhoneSimulator.Build.0 = Release|Any CPU
		{6C1FEC97-2261-466B-91D5-73FADAAE5B4E}.Debug|Any CPU.ActiveCfg = Debug|Any CPU
		{6C1FEC97-2261-466B-91D5-73FADAAE5B4E}.Debug|iPhone.ActiveCfg = Debug|Any CPU
		{6C1FEC97-2261-466B-91D5-73FADAAE5B4E}.Debug|iPhone.Build.0 = Debug|Any CPU
		{6C1FEC97-2261-466B-91D5-73FADAAE5B4E}.Debug|iPhoneSimulator.ActiveCfg = Debug|Any CPU
		{6C1FEC97-2261-466B-91D5-73FADAAE5B4E}.Debug|iPhoneSimulator.Build.0 = Debug|Any CPU
		{6C1FEC97-2261-466B-91D5-73FADAAE5B4E}.Release|Any CPU.ActiveCfg = Release|Any CPU
		{6C1FEC97-2261-466B-91D5-73FADAAE5B4E}.Release|Any CPU.Build.0 = Release|Any CPU
		{6C1FEC97-2261-466B-91D5-73FADAAE5B4E}.Release|iPhone.ActiveCfg = Release|Any CPU
		{6C1FEC97-2261-466B-91D5-73FADAAE5B4E}.Release|iPhone.Build.0 = Release|Any CPU
		{6C1FEC97-2261-466B-91D5-73FADAAE5B4E}.Release|iPhoneSimulator.ActiveCfg = Release|Any CPU
		{6C1FEC97-2261-466B-91D5-73FADAAE5B4E}.Release|iPhoneSimulator.Build.0 = Release|Any CPU
		{10C6BCD3-1833-4E8D-B323-D5CE9B0F0427}.Ad-Hoc|Any CPU.ActiveCfg = Release|Any CPU
		{10C6BCD3-1833-4E8D-B323-D5CE9B0F0427}.Ad-Hoc|Any CPU.Build.0 = Release|Any CPU
		{10C6BCD3-1833-4E8D-B323-D5CE9B0F0427}.Ad-Hoc|iPhone.ActiveCfg = Release|Any CPU
		{10C6BCD3-1833-4E8D-B323-D5CE9B0F0427}.Ad-Hoc|iPhone.Build.0 = Release|Any CPU
		{10C6BCD3-1833-4E8D-B323-D5CE9B0F0427}.Ad-Hoc|iPhoneSimulator.ActiveCfg = Release|Any CPU
		{10C6BCD3-1833-4E8D-B323-D5CE9B0F0427}.Ad-Hoc|iPhoneSimulator.Build.0 = Release|Any CPU
		{10C6BCD3-1833-4E8D-B323-D5CE9B0F0427}.AppStore|Any CPU.ActiveCfg = Release|Any CPU
		{10C6BCD3-1833-4E8D-B323-D5CE9B0F0427}.AppStore|Any CPU.Build.0 = Release|Any CPU
		{10C6BCD3-1833-4E8D-B323-D5CE9B0F0427}.AppStore|iPhone.ActiveCfg = Release|Any CPU
		{10C6BCD3-1833-4E8D-B323-D5CE9B0F0427}.AppStore|iPhone.Build.0 = Release|Any CPU
		{10C6BCD3-1833-4E8D-B323-D5CE9B0F0427}.AppStore|iPhoneSimulator.ActiveCfg = Release|Any CPU
		{10C6BCD3-1833-4E8D-B323-D5CE9B0F0427}.AppStore|iPhoneSimulator.Build.0 = Release|Any CPU
		{10C6BCD3-1833-4E8D-B323-D5CE9B0F0427}.Debug|Any CPU.ActiveCfg = Debug|Any CPU
		{10C6BCD3-1833-4E8D-B323-D5CE9B0F0427}.Debug|Any CPU.Build.0 = Debug|Any CPU
		{10C6BCD3-1833-4E8D-B323-D5CE9B0F0427}.Debug|iPhone.ActiveCfg = Debug|Any CPU
		{10C6BCD3-1833-4E8D-B323-D5CE9B0F0427}.Debug|iPhone.Build.0 = Debug|Any CPU
		{10C6BCD3-1833-4E8D-B323-D5CE9B0F0427}.Debug|iPhoneSimulator.ActiveCfg = Debug|Any CPU
		{10C6BCD3-1833-4E8D-B323-D5CE9B0F0427}.Debug|iPhoneSimulator.Build.0 = Debug|Any CPU
		{10C6BCD3-1833-4E8D-B323-D5CE9B0F0427}.Release|Any CPU.ActiveCfg = Release|Any CPU
		{10C6BCD3-1833-4E8D-B323-D5CE9B0F0427}.Release|Any CPU.Build.0 = Release|Any CPU
		{10C6BCD3-1833-4E8D-B323-D5CE9B0F0427}.Release|iPhone.ActiveCfg = Release|Any CPU
		{10C6BCD3-1833-4E8D-B323-D5CE9B0F0427}.Release|iPhone.Build.0 = Release|Any CPU
		{10C6BCD3-1833-4E8D-B323-D5CE9B0F0427}.Release|iPhoneSimulator.ActiveCfg = Release|Any CPU
		{10C6BCD3-1833-4E8D-B323-D5CE9B0F0427}.Release|iPhoneSimulator.Build.0 = Release|Any CPU
		{E536BC24-8EF6-471A-8E77-38A1D46D45FD}.Ad-Hoc|Any CPU.ActiveCfg = Release|Any CPU
		{E536BC24-8EF6-471A-8E77-38A1D46D45FD}.Ad-Hoc|Any CPU.Build.0 = Release|Any CPU
		{E536BC24-8EF6-471A-8E77-38A1D46D45FD}.Ad-Hoc|iPhone.ActiveCfg = Release|Any CPU
		{E536BC24-8EF6-471A-8E77-38A1D46D45FD}.Ad-Hoc|iPhone.Build.0 = Release|Any CPU
		{E536BC24-8EF6-471A-8E77-38A1D46D45FD}.Ad-Hoc|iPhoneSimulator.ActiveCfg = Release|Any CPU
		{E536BC24-8EF6-471A-8E77-38A1D46D45FD}.Ad-Hoc|iPhoneSimulator.Build.0 = Release|Any CPU
		{E536BC24-8EF6-471A-8E77-38A1D46D45FD}.AppStore|Any CPU.ActiveCfg = Release|Any CPU
		{E536BC24-8EF6-471A-8E77-38A1D46D45FD}.AppStore|Any CPU.Build.0 = Release|Any CPU
		{E536BC24-8EF6-471A-8E77-38A1D46D45FD}.AppStore|iPhone.ActiveCfg = Release|Any CPU
		{E536BC24-8EF6-471A-8E77-38A1D46D45FD}.AppStore|iPhone.Build.0 = Release|Any CPU
		{E536BC24-8EF6-471A-8E77-38A1D46D45FD}.AppStore|iPhoneSimulator.ActiveCfg = Release|Any CPU
		{E536BC24-8EF6-471A-8E77-38A1D46D45FD}.AppStore|iPhoneSimulator.Build.0 = Release|Any CPU
		{E536BC24-8EF6-471A-8E77-38A1D46D45FD}.Debug|Any CPU.ActiveCfg = Debug|Any CPU
		{E536BC24-8EF6-471A-8E77-38A1D46D45FD}.Debug|Any CPU.Build.0 = Debug|Any CPU
		{E536BC24-8EF6-471A-8E77-38A1D46D45FD}.Debug|iPhone.ActiveCfg = Debug|Any CPU
		{E536BC24-8EF6-471A-8E77-38A1D46D45FD}.Debug|iPhone.Build.0 = Debug|Any CPU
		{E536BC24-8EF6-471A-8E77-38A1D46D45FD}.Debug|iPhoneSimulator.ActiveCfg = Debug|Any CPU
		{E536BC24-8EF6-471A-8E77-38A1D46D45FD}.Debug|iPhoneSimulator.Build.0 = Debug|Any CPU
		{E536BC24-8EF6-471A-8E77-38A1D46D45FD}.Release|Any CPU.ActiveCfg = Release|Any CPU
		{E536BC24-8EF6-471A-8E77-38A1D46D45FD}.Release|Any CPU.Build.0 = Release|Any CPU
		{E536BC24-8EF6-471A-8E77-38A1D46D45FD}.Release|iPhone.ActiveCfg = Release|Any CPU
		{E536BC24-8EF6-471A-8E77-38A1D46D45FD}.Release|iPhone.Build.0 = Release|Any CPU
		{E536BC24-8EF6-471A-8E77-38A1D46D45FD}.Release|iPhoneSimulator.ActiveCfg = Release|Any CPU
		{E536BC24-8EF6-471A-8E77-38A1D46D45FD}.Release|iPhoneSimulator.Build.0 = Release|Any CPU
		{9D274F69-DEFD-41A8-80EA-41865A0774D1}.Ad-Hoc|Any CPU.ActiveCfg = Release|Any CPU
		{9D274F69-DEFD-41A8-80EA-41865A0774D1}.Ad-Hoc|Any CPU.Build.0 = Release|Any CPU
		{9D274F69-DEFD-41A8-80EA-41865A0774D1}.Ad-Hoc|iPhone.ActiveCfg = Release|Any CPU
		{9D274F69-DEFD-41A8-80EA-41865A0774D1}.Ad-Hoc|iPhone.Build.0 = Release|Any CPU
		{9D274F69-DEFD-41A8-80EA-41865A0774D1}.Ad-Hoc|iPhoneSimulator.ActiveCfg = Release|Any CPU
		{9D274F69-DEFD-41A8-80EA-41865A0774D1}.Ad-Hoc|iPhoneSimulator.Build.0 = Release|Any CPU
		{9D274F69-DEFD-41A8-80EA-41865A0774D1}.AppStore|Any CPU.ActiveCfg = Release|Any CPU
		{9D274F69-DEFD-41A8-80EA-41865A0774D1}.AppStore|Any CPU.Build.0 = Release|Any CPU
		{9D274F69-DEFD-41A8-80EA-41865A0774D1}.AppStore|iPhone.ActiveCfg = Release|Any CPU
		{9D274F69-DEFD-41A8-80EA-41865A0774D1}.AppStore|iPhone.Build.0 = Release|Any CPU
		{9D274F69-DEFD-41A8-80EA-41865A0774D1}.AppStore|iPhoneSimulator.ActiveCfg = Release|Any CPU
		{9D274F69-DEFD-41A8-80EA-41865A0774D1}.AppStore|iPhoneSimulator.Build.0 = Release|Any CPU
		{9D274F69-DEFD-41A8-80EA-41865A0774D1}.Debug|Any CPU.ActiveCfg = Debug|Any CPU
		{9D274F69-DEFD-41A8-80EA-41865A0774D1}.Debug|Any CPU.Build.0 = Debug|Any CPU
		{9D274F69-DEFD-41A8-80EA-41865A0774D1}.Debug|iPhone.ActiveCfg = Debug|Any CPU
		{9D274F69-DEFD-41A8-80EA-41865A0774D1}.Debug|iPhone.Build.0 = Debug|Any CPU
		{9D274F69-DEFD-41A8-80EA-41865A0774D1}.Debug|iPhoneSimulator.ActiveCfg = Debug|Any CPU
		{9D274F69-DEFD-41A8-80EA-41865A0774D1}.Debug|iPhoneSimulator.Build.0 = Debug|Any CPU
		{9D274F69-DEFD-41A8-80EA-41865A0774D1}.Release|Any CPU.ActiveCfg = Release|Any CPU
		{9D274F69-DEFD-41A8-80EA-41865A0774D1}.Release|Any CPU.Build.0 = Release|Any CPU
		{9D274F69-DEFD-41A8-80EA-41865A0774D1}.Release|iPhone.ActiveCfg = Release|Any CPU
		{9D274F69-DEFD-41A8-80EA-41865A0774D1}.Release|iPhone.Build.0 = Release|Any CPU
		{9D274F69-DEFD-41A8-80EA-41865A0774D1}.Release|iPhoneSimulator.ActiveCfg = Release|Any CPU
		{9D274F69-DEFD-41A8-80EA-41865A0774D1}.Release|iPhoneSimulator.Build.0 = Release|Any CPU
		{0E9D874E-5354-465E-9EC3-F7A35C268A8A}.Ad-Hoc|Any CPU.ActiveCfg = Release|Any CPU
		{0E9D874E-5354-465E-9EC3-F7A35C268A8A}.Ad-Hoc|Any CPU.Build.0 = Release|Any CPU
		{0E9D874E-5354-465E-9EC3-F7A35C268A8A}.Ad-Hoc|iPhone.ActiveCfg = Release|Any CPU
		{0E9D874E-5354-465E-9EC3-F7A35C268A8A}.Ad-Hoc|iPhone.Build.0 = Release|Any CPU
		{0E9D874E-5354-465E-9EC3-F7A35C268A8A}.Ad-Hoc|iPhoneSimulator.ActiveCfg = Release|Any CPU
		{0E9D874E-5354-465E-9EC3-F7A35C268A8A}.Ad-Hoc|iPhoneSimulator.Build.0 = Release|Any CPU
		{0E9D874E-5354-465E-9EC3-F7A35C268A8A}.AppStore|Any CPU.ActiveCfg = Release|Any CPU
		{0E9D874E-5354-465E-9EC3-F7A35C268A8A}.AppStore|Any CPU.Build.0 = Release|Any CPU
		{0E9D874E-5354-465E-9EC3-F7A35C268A8A}.AppStore|iPhone.ActiveCfg = Release|Any CPU
		{0E9D874E-5354-465E-9EC3-F7A35C268A8A}.AppStore|iPhone.Build.0 = Release|Any CPU
		{0E9D874E-5354-465E-9EC3-F7A35C268A8A}.AppStore|iPhoneSimulator.ActiveCfg = Release|Any CPU
		{0E9D874E-5354-465E-9EC3-F7A35C268A8A}.AppStore|iPhoneSimulator.Build.0 = Release|Any CPU
		{0E9D874E-5354-465E-9EC3-F7A35C268A8A}.Debug|Any CPU.ActiveCfg = Debug|Any CPU
		{0E9D874E-5354-465E-9EC3-F7A35C268A8A}.Debug|Any CPU.Build.0 = Debug|Any CPU
		{0E9D874E-5354-465E-9EC3-F7A35C268A8A}.Debug|iPhone.ActiveCfg = Debug|Any CPU
		{0E9D874E-5354-465E-9EC3-F7A35C268A8A}.Debug|iPhone.Build.0 = Debug|Any CPU
		{0E9D874E-5354-465E-9EC3-F7A35C268A8A}.Debug|iPhoneSimulator.ActiveCfg = Debug|Any CPU
		{0E9D874E-5354-465E-9EC3-F7A35C268A8A}.Debug|iPhoneSimulator.Build.0 = Debug|Any CPU
		{0E9D874E-5354-465E-9EC3-F7A35C268A8A}.Release|Any CPU.ActiveCfg = Release|Any CPU
		{0E9D874E-5354-465E-9EC3-F7A35C268A8A}.Release|Any CPU.Build.0 = Release|Any CPU
		{0E9D874E-5354-465E-9EC3-F7A35C268A8A}.Release|iPhone.ActiveCfg = Release|Any CPU
		{0E9D874E-5354-465E-9EC3-F7A35C268A8A}.Release|iPhone.Build.0 = Release|Any CPU
		{0E9D874E-5354-465E-9EC3-F7A35C268A8A}.Release|iPhoneSimulator.ActiveCfg = Release|Any CPU
		{0E9D874E-5354-465E-9EC3-F7A35C268A8A}.Release|iPhoneSimulator.Build.0 = Release|Any CPU
		{2041E3C5-840B-4415-AFBA-AC8F63AA1E25}.Ad-Hoc|Any CPU.ActiveCfg = Release|Any CPU
		{2041E3C5-840B-4415-AFBA-AC8F63AA1E25}.Ad-Hoc|Any CPU.Build.0 = Release|Any CPU
		{2041E3C5-840B-4415-AFBA-AC8F63AA1E25}.Ad-Hoc|iPhone.ActiveCfg = Release|Any CPU
		{2041E3C5-840B-4415-AFBA-AC8F63AA1E25}.Ad-Hoc|iPhone.Build.0 = Release|Any CPU
		{2041E3C5-840B-4415-AFBA-AC8F63AA1E25}.Ad-Hoc|iPhoneSimulator.ActiveCfg = Release|Any CPU
		{2041E3C5-840B-4415-AFBA-AC8F63AA1E25}.Ad-Hoc|iPhoneSimulator.Build.0 = Release|Any CPU
		{2041E3C5-840B-4415-AFBA-AC8F63AA1E25}.AppStore|Any CPU.ActiveCfg = Release|Any CPU
		{2041E3C5-840B-4415-AFBA-AC8F63AA1E25}.AppStore|Any CPU.Build.0 = Release|Any CPU
		{2041E3C5-840B-4415-AFBA-AC8F63AA1E25}.AppStore|iPhone.ActiveCfg = Release|Any CPU
		{2041E3C5-840B-4415-AFBA-AC8F63AA1E25}.AppStore|iPhone.Build.0 = Release|Any CPU
		{2041E3C5-840B-4415-AFBA-AC8F63AA1E25}.AppStore|iPhoneSimulator.ActiveCfg = Release|Any CPU
		{2041E3C5-840B-4415-AFBA-AC8F63AA1E25}.AppStore|iPhoneSimulator.Build.0 = Release|Any CPU
		{2041E3C5-840B-4415-AFBA-AC8F63AA1E25}.Debug|Any CPU.ActiveCfg = Debug|Any CPU
		{2041E3C5-840B-4415-AFBA-AC8F63AA1E25}.Debug|Any CPU.Build.0 = Debug|Any CPU
		{2041E3C5-840B-4415-AFBA-AC8F63AA1E25}.Debug|iPhone.ActiveCfg = Debug|Any CPU
		{2041E3C5-840B-4415-AFBA-AC8F63AA1E25}.Debug|iPhone.Build.0 = Debug|Any CPU
		{2041E3C5-840B-4415-AFBA-AC8F63AA1E25}.Debug|iPhoneSimulator.ActiveCfg = Debug|Any CPU
		{2041E3C5-840B-4415-AFBA-AC8F63AA1E25}.Debug|iPhoneSimulator.Build.0 = Debug|Any CPU
		{2041E3C5-840B-4415-AFBA-AC8F63AA1E25}.Release|Any CPU.ActiveCfg = Release|Any CPU
		{2041E3C5-840B-4415-AFBA-AC8F63AA1E25}.Release|Any CPU.Build.0 = Release|Any CPU
		{2041E3C5-840B-4415-AFBA-AC8F63AA1E25}.Release|iPhone.ActiveCfg = Release|Any CPU
		{2041E3C5-840B-4415-AFBA-AC8F63AA1E25}.Release|iPhone.Build.0 = Release|Any CPU
		{2041E3C5-840B-4415-AFBA-AC8F63AA1E25}.Release|iPhoneSimulator.ActiveCfg = Release|Any CPU
		{2041E3C5-840B-4415-AFBA-AC8F63AA1E25}.Release|iPhoneSimulator.Build.0 = Release|Any CPU
		{85AD67AC-8F2C-42D9-A619-999AF40F5BE1}.Ad-Hoc|Any CPU.ActiveCfg = Release|Any CPU
		{85AD67AC-8F2C-42D9-A619-999AF40F5BE1}.Ad-Hoc|Any CPU.Build.0 = Release|Any CPU
		{85AD67AC-8F2C-42D9-A619-999AF40F5BE1}.Ad-Hoc|iPhone.ActiveCfg = Release|Any CPU
		{85AD67AC-8F2C-42D9-A619-999AF40F5BE1}.Ad-Hoc|iPhone.Build.0 = Release|Any CPU
		{85AD67AC-8F2C-42D9-A619-999AF40F5BE1}.Ad-Hoc|iPhoneSimulator.ActiveCfg = Release|Any CPU
		{85AD67AC-8F2C-42D9-A619-999AF40F5BE1}.Ad-Hoc|iPhoneSimulator.Build.0 = Release|Any CPU
		{85AD67AC-8F2C-42D9-A619-999AF40F5BE1}.AppStore|Any CPU.ActiveCfg = Release|Any CPU
		{85AD67AC-8F2C-42D9-A619-999AF40F5BE1}.AppStore|Any CPU.Build.0 = Release|Any CPU
		{85AD67AC-8F2C-42D9-A619-999AF40F5BE1}.AppStore|iPhone.ActiveCfg = Release|Any CPU
		{85AD67AC-8F2C-42D9-A619-999AF40F5BE1}.AppStore|iPhone.Build.0 = Release|Any CPU
		{85AD67AC-8F2C-42D9-A619-999AF40F5BE1}.AppStore|iPhoneSimulator.ActiveCfg = Release|Any CPU
		{85AD67AC-8F2C-42D9-A619-999AF40F5BE1}.AppStore|iPhoneSimulator.Build.0 = Release|Any CPU
		{85AD67AC-8F2C-42D9-A619-999AF40F5BE1}.Debug|Any CPU.ActiveCfg = Debug|Any CPU
		{85AD67AC-8F2C-42D9-A619-999AF40F5BE1}.Debug|Any CPU.Build.0 = Debug|Any CPU
		{85AD67AC-8F2C-42D9-A619-999AF40F5BE1}.Debug|iPhone.ActiveCfg = Debug|Any CPU
		{85AD67AC-8F2C-42D9-A619-999AF40F5BE1}.Debug|iPhone.Build.0 = Debug|Any CPU
		{85AD67AC-8F2C-42D9-A619-999AF40F5BE1}.Debug|iPhoneSimulator.ActiveCfg = Debug|Any CPU
		{85AD67AC-8F2C-42D9-A619-999AF40F5BE1}.Debug|iPhoneSimulator.Build.0 = Debug|Any CPU
		{85AD67AC-8F2C-42D9-A619-999AF40F5BE1}.Release|Any CPU.ActiveCfg = Release|Any CPU
		{85AD67AC-8F2C-42D9-A619-999AF40F5BE1}.Release|Any CPU.Build.0 = Release|Any CPU
		{85AD67AC-8F2C-42D9-A619-999AF40F5BE1}.Release|iPhone.ActiveCfg = Release|Any CPU
		{85AD67AC-8F2C-42D9-A619-999AF40F5BE1}.Release|iPhone.Build.0 = Release|Any CPU
		{85AD67AC-8F2C-42D9-A619-999AF40F5BE1}.Release|iPhoneSimulator.ActiveCfg = Release|Any CPU
		{85AD67AC-8F2C-42D9-A619-999AF40F5BE1}.Release|iPhoneSimulator.Build.0 = Release|Any CPU
		{9C05DFEA-2E33-4B3B-9950-2AB806597B7F}.Ad-Hoc|Any CPU.ActiveCfg = Release|Any CPU
		{9C05DFEA-2E33-4B3B-9950-2AB806597B7F}.Ad-Hoc|Any CPU.Build.0 = Release|Any CPU
		{9C05DFEA-2E33-4B3B-9950-2AB806597B7F}.Ad-Hoc|iPhone.ActiveCfg = Release|Any CPU
		{9C05DFEA-2E33-4B3B-9950-2AB806597B7F}.Ad-Hoc|iPhone.Build.0 = Release|Any CPU
		{9C05DFEA-2E33-4B3B-9950-2AB806597B7F}.Ad-Hoc|iPhoneSimulator.ActiveCfg = Release|Any CPU
		{9C05DFEA-2E33-4B3B-9950-2AB806597B7F}.Ad-Hoc|iPhoneSimulator.Build.0 = Release|Any CPU
		{9C05DFEA-2E33-4B3B-9950-2AB806597B7F}.AppStore|Any CPU.ActiveCfg = Release|Any CPU
		{9C05DFEA-2E33-4B3B-9950-2AB806597B7F}.AppStore|Any CPU.Build.0 = Release|Any CPU
		{9C05DFEA-2E33-4B3B-9950-2AB806597B7F}.AppStore|iPhone.ActiveCfg = Release|Any CPU
		{9C05DFEA-2E33-4B3B-9950-2AB806597B7F}.AppStore|iPhone.Build.0 = Release|Any CPU
		{9C05DFEA-2E33-4B3B-9950-2AB806597B7F}.AppStore|iPhoneSimulator.ActiveCfg = Release|Any CPU
		{9C05DFEA-2E33-4B3B-9950-2AB806597B7F}.AppStore|iPhoneSimulator.Build.0 = Release|Any CPU
		{9C05DFEA-2E33-4B3B-9950-2AB806597B7F}.Debug|Any CPU.ActiveCfg = Debug|Any CPU
		{9C05DFEA-2E33-4B3B-9950-2AB806597B7F}.Debug|Any CPU.Build.0 = Debug|Any CPU
		{9C05DFEA-2E33-4B3B-9950-2AB806597B7F}.Debug|iPhone.ActiveCfg = Debug|Any CPU
		{9C05DFEA-2E33-4B3B-9950-2AB806597B7F}.Debug|iPhone.Build.0 = Debug|Any CPU
		{9C05DFEA-2E33-4B3B-9950-2AB806597B7F}.Debug|iPhoneSimulator.ActiveCfg = Debug|Any CPU
		{9C05DFEA-2E33-4B3B-9950-2AB806597B7F}.Debug|iPhoneSimulator.Build.0 = Debug|Any CPU
		{9C05DFEA-2E33-4B3B-9950-2AB806597B7F}.Release|Any CPU.ActiveCfg = Release|Any CPU
		{9C05DFEA-2E33-4B3B-9950-2AB806597B7F}.Release|Any CPU.Build.0 = Release|Any CPU
		{9C05DFEA-2E33-4B3B-9950-2AB806597B7F}.Release|iPhone.ActiveCfg = Release|Any CPU
		{9C05DFEA-2E33-4B3B-9950-2AB806597B7F}.Release|iPhone.Build.0 = Release|Any CPU
		{9C05DFEA-2E33-4B3B-9950-2AB806597B7F}.Release|iPhoneSimulator.ActiveCfg = Release|Any CPU
		{9C05DFEA-2E33-4B3B-9950-2AB806597B7F}.Release|iPhoneSimulator.Build.0 = Release|Any CPU
		{9C5B4F0C-2808-4DFF-B62C-65D5D0DC8999}.Ad-Hoc|Any CPU.ActiveCfg = Release|Any CPU
		{9C5B4F0C-2808-4DFF-B62C-65D5D0DC8999}.Ad-Hoc|Any CPU.Build.0 = Release|Any CPU
		{9C5B4F0C-2808-4DFF-B62C-65D5D0DC8999}.Ad-Hoc|iPhone.ActiveCfg = Release|Any CPU
		{9C5B4F0C-2808-4DFF-B62C-65D5D0DC8999}.Ad-Hoc|iPhone.Build.0 = Release|Any CPU
		{9C5B4F0C-2808-4DFF-B62C-65D5D0DC8999}.Ad-Hoc|iPhoneSimulator.ActiveCfg = Release|Any CPU
		{9C5B4F0C-2808-4DFF-B62C-65D5D0DC8999}.Ad-Hoc|iPhoneSimulator.Build.0 = Release|Any CPU
		{9C5B4F0C-2808-4DFF-B62C-65D5D0DC8999}.AppStore|Any CPU.ActiveCfg = Release|Any CPU
		{9C5B4F0C-2808-4DFF-B62C-65D5D0DC8999}.AppStore|Any CPU.Build.0 = Release|Any CPU
		{9C5B4F0C-2808-4DFF-B62C-65D5D0DC8999}.AppStore|iPhone.ActiveCfg = Release|Any CPU
		{9C5B4F0C-2808-4DFF-B62C-65D5D0DC8999}.AppStore|iPhone.Build.0 = Release|Any CPU
		{9C5B4F0C-2808-4DFF-B62C-65D5D0DC8999}.AppStore|iPhoneSimulator.ActiveCfg = Release|Any CPU
		{9C5B4F0C-2808-4DFF-B62C-65D5D0DC8999}.AppStore|iPhoneSimulator.Build.0 = Release|Any CPU
		{9C5B4F0C-2808-4DFF-B62C-65D5D0DC8999}.Debug|Any CPU.ActiveCfg = Debug|Any CPU
		{9C5B4F0C-2808-4DFF-B62C-65D5D0DC8999}.Debug|iPhone.ActiveCfg = Debug|Any CPU
		{9C5B4F0C-2808-4DFF-B62C-65D5D0DC8999}.Debug|iPhone.Build.0 = Debug|Any CPU
		{9C5B4F0C-2808-4DFF-B62C-65D5D0DC8999}.Debug|iPhoneSimulator.ActiveCfg = Debug|Any CPU
		{9C5B4F0C-2808-4DFF-B62C-65D5D0DC8999}.Debug|iPhoneSimulator.Build.0 = Debug|Any CPU
		{9C5B4F0C-2808-4DFF-B62C-65D5D0DC8999}.Release|Any CPU.ActiveCfg = Release|Any CPU
		{9C5B4F0C-2808-4DFF-B62C-65D5D0DC8999}.Release|Any CPU.Build.0 = Release|Any CPU
		{9C5B4F0C-2808-4DFF-B62C-65D5D0DC8999}.Release|iPhone.ActiveCfg = Release|Any CPU
		{9C5B4F0C-2808-4DFF-B62C-65D5D0DC8999}.Release|iPhone.Build.0 = Release|Any CPU
		{9C5B4F0C-2808-4DFF-B62C-65D5D0DC8999}.Release|iPhoneSimulator.ActiveCfg = Release|Any CPU
		{9C5B4F0C-2808-4DFF-B62C-65D5D0DC8999}.Release|iPhoneSimulator.Build.0 = Release|Any CPU
		{8F1ED7CF-51D6-4926-B49F-00E9973EF4AB}.Ad-Hoc|Any CPU.ActiveCfg = Debug|Any CPU
		{8F1ED7CF-51D6-4926-B49F-00E9973EF4AB}.Ad-Hoc|Any CPU.Build.0 = Debug|Any CPU
		{8F1ED7CF-51D6-4926-B49F-00E9973EF4AB}.Ad-Hoc|iPhone.ActiveCfg = Debug|Any CPU
		{8F1ED7CF-51D6-4926-B49F-00E9973EF4AB}.Ad-Hoc|iPhone.Build.0 = Debug|Any CPU
		{8F1ED7CF-51D6-4926-B49F-00E9973EF4AB}.Ad-Hoc|iPhoneSimulator.ActiveCfg = Debug|Any CPU
		{8F1ED7CF-51D6-4926-B49F-00E9973EF4AB}.Ad-Hoc|iPhoneSimulator.Build.0 = Debug|Any CPU
		{8F1ED7CF-51D6-4926-B49F-00E9973EF4AB}.AppStore|Any CPU.ActiveCfg = Debug|Any CPU
		{8F1ED7CF-51D6-4926-B49F-00E9973EF4AB}.AppStore|Any CPU.Build.0 = Debug|Any CPU
		{8F1ED7CF-51D6-4926-B49F-00E9973EF4AB}.AppStore|iPhone.ActiveCfg = Debug|Any CPU
		{8F1ED7CF-51D6-4926-B49F-00E9973EF4AB}.AppStore|iPhone.Build.0 = Debug|Any CPU
		{8F1ED7CF-51D6-4926-B49F-00E9973EF4AB}.AppStore|iPhoneSimulator.ActiveCfg = Debug|Any CPU
		{8F1ED7CF-51D6-4926-B49F-00E9973EF4AB}.AppStore|iPhoneSimulator.Build.0 = Debug|Any CPU
		{8F1ED7CF-51D6-4926-B49F-00E9973EF4AB}.Debug|Any CPU.ActiveCfg = Debug|Any CPU
		{8F1ED7CF-51D6-4926-B49F-00E9973EF4AB}.Debug|Any CPU.Build.0 = Debug|Any CPU
		{8F1ED7CF-51D6-4926-B49F-00E9973EF4AB}.Debug|iPhone.ActiveCfg = Debug|Any CPU
		{8F1ED7CF-51D6-4926-B49F-00E9973EF4AB}.Debug|iPhone.Build.0 = Debug|Any CPU
		{8F1ED7CF-51D6-4926-B49F-00E9973EF4AB}.Debug|iPhoneSimulator.ActiveCfg = Debug|Any CPU
		{8F1ED7CF-51D6-4926-B49F-00E9973EF4AB}.Debug|iPhoneSimulator.Build.0 = Debug|Any CPU
		{8F1ED7CF-51D6-4926-B49F-00E9973EF4AB}.Release|Any CPU.ActiveCfg = Release|Any CPU
		{8F1ED7CF-51D6-4926-B49F-00E9973EF4AB}.Release|Any CPU.Build.0 = Release|Any CPU
		{8F1ED7CF-51D6-4926-B49F-00E9973EF4AB}.Release|iPhone.ActiveCfg = Release|Any CPU
		{8F1ED7CF-51D6-4926-B49F-00E9973EF4AB}.Release|iPhone.Build.0 = Release|Any CPU
		{8F1ED7CF-51D6-4926-B49F-00E9973EF4AB}.Release|iPhoneSimulator.ActiveCfg = Release|Any CPU
		{8F1ED7CF-51D6-4926-B49F-00E9973EF4AB}.Release|iPhoneSimulator.Build.0 = Release|Any CPU
		{A1B2C3D4-E5F6-7890-ABCD-EF1234567890}.Ad-Hoc|Any CPU.ActiveCfg = Release|Any CPU
		{A1B2C3D4-E5F6-7890-ABCD-EF1234567890}.Ad-Hoc|Any CPU.Build.0 = Release|Any CPU
		{A1B2C3D4-E5F6-7890-ABCD-EF1234567890}.Ad-Hoc|iPhone.ActiveCfg = Release|Any CPU
		{A1B2C3D4-E5F6-7890-ABCD-EF1234567890}.Ad-Hoc|iPhone.Build.0 = Release|Any CPU
		{A1B2C3D4-E5F6-7890-ABCD-EF1234567890}.Ad-Hoc|iPhoneSimulator.ActiveCfg = Release|Any CPU
		{A1B2C3D4-E5F6-7890-ABCD-EF1234567890}.Ad-Hoc|iPhoneSimulator.Build.0 = Release|Any CPU
		{A1B2C3D4-E5F6-7890-ABCD-EF1234567890}.AppStore|Any CPU.ActiveCfg = Release|Any CPU
		{A1B2C3D4-E5F6-7890-ABCD-EF1234567890}.AppStore|Any CPU.Build.0 = Release|Any CPU
		{A1B2C3D4-E5F6-7890-ABCD-EF1234567890}.AppStore|iPhone.ActiveCfg = Release|Any CPU
		{A1B2C3D4-E5F6-7890-ABCD-EF1234567890}.AppStore|iPhone.Build.0 = Release|Any CPU
		{A1B2C3D4-E5F6-7890-ABCD-EF1234567890}.AppStore|iPhoneSimulator.ActiveCfg = Release|Any CPU
		{A1B2C3D4-E5F6-7890-ABCD-EF1234567890}.AppStore|iPhoneSimulator.Build.0 = Release|Any CPU
		{A1B2C3D4-E5F6-7890-ABCD-EF1234567890}.Debug|Any CPU.ActiveCfg = Debug|Any CPU
		{A1B2C3D4-E5F6-7890-ABCD-EF1234567890}.Debug|Any CPU.Build.0 = Debug|Any CPU
		{A1B2C3D4-E5F6-7890-ABCD-EF1234567890}.Debug|iPhone.ActiveCfg = Debug|Any CPU
		{A1B2C3D4-E5F6-7890-ABCD-EF1234567890}.Debug|iPhone.Build.0 = Debug|Any CPU
		{A1B2C3D4-E5F6-7890-ABCD-EF1234567890}.Debug|iPhoneSimulator.ActiveCfg = Debug|Any CPU
		{A1B2C3D4-E5F6-7890-ABCD-EF1234567890}.Debug|iPhoneSimulator.Build.0 = Debug|Any CPU
		{A1B2C3D4-E5F6-7890-ABCD-EF1234567890}.Release|Any CPU.ActiveCfg = Release|Any CPU
		{A1B2C3D4-E5F6-7890-ABCD-EF1234567890}.Release|Any CPU.Build.0 = Release|Any CPU
		{A1B2C3D4-E5F6-7890-ABCD-EF1234567890}.Release|iPhone.ActiveCfg = Release|Any CPU
		{A1B2C3D4-E5F6-7890-ABCD-EF1234567890}.Release|iPhone.Build.0 = Release|Any CPU
		{A1B2C3D4-E5F6-7890-ABCD-EF1234567890}.Release|iPhoneSimulator.ActiveCfg = Release|Any CPU
		{A1B2C3D4-E5F6-7890-ABCD-EF1234567890}.Release|iPhoneSimulator.Build.0 = Release|Any CPU
		{655CA96F-01B4-4A61-BCD5-95B4BAD7F3FA}.Ad-Hoc|Any CPU.ActiveCfg = Release|Any CPU
		{655CA96F-01B4-4A61-BCD5-95B4BAD7F3FA}.Ad-Hoc|Any CPU.Build.0 = Release|Any CPU
		{655CA96F-01B4-4A61-BCD5-95B4BAD7F3FA}.Ad-Hoc|iPhone.ActiveCfg = Release|Any CPU
		{655CA96F-01B4-4A61-BCD5-95B4BAD7F3FA}.Ad-Hoc|iPhone.Build.0 = Release|Any CPU
		{655CA96F-01B4-4A61-BCD5-95B4BAD7F3FA}.Ad-Hoc|iPhoneSimulator.ActiveCfg = Release|Any CPU
		{655CA96F-01B4-4A61-BCD5-95B4BAD7F3FA}.Ad-Hoc|iPhoneSimulator.Build.0 = Release|Any CPU
		{655CA96F-01B4-4A61-BCD5-95B4BAD7F3FA}.AppStore|Any CPU.ActiveCfg = Release|Any CPU
		{655CA96F-01B4-4A61-BCD5-95B4BAD7F3FA}.AppStore|Any CPU.Build.0 = Release|Any CPU
		{655CA96F-01B4-4A61-BCD5-95B4BAD7F3FA}.AppStore|iPhone.ActiveCfg = Release|Any CPU
		{655CA96F-01B4-4A61-BCD5-95B4BAD7F3FA}.AppStore|iPhone.Build.0 = Release|Any CPU
		{655CA96F-01B4-4A61-BCD5-95B4BAD7F3FA}.AppStore|iPhoneSimulator.ActiveCfg = Release|Any CPU
		{655CA96F-01B4-4A61-BCD5-95B4BAD7F3FA}.AppStore|iPhoneSimulator.Build.0 = Release|Any CPU
		{655CA96F-01B4-4A61-BCD5-95B4BAD7F3FA}.Debug|Any CPU.ActiveCfg = Debug|Any CPU
		{655CA96F-01B4-4A61-BCD5-95B4BAD7F3FA}.Debug|Any CPU.Build.0 = Debug|Any CPU
		{655CA96F-01B4-4A61-BCD5-95B4BAD7F3FA}.Debug|iPhone.ActiveCfg = Debug|Any CPU
		{655CA96F-01B4-4A61-BCD5-95B4BAD7F3FA}.Debug|iPhone.Build.0 = Debug|Any CPU
		{655CA96F-01B4-4A61-BCD5-95B4BAD7F3FA}.Debug|iPhoneSimulator.ActiveCfg = Debug|Any CPU
		{655CA96F-01B4-4A61-BCD5-95B4BAD7F3FA}.Debug|iPhoneSimulator.Build.0 = Debug|Any CPU
		{655CA96F-01B4-4A61-BCD5-95B4BAD7F3FA}.Release|Any CPU.ActiveCfg = Release|Any CPU
		{655CA96F-01B4-4A61-BCD5-95B4BAD7F3FA}.Release|Any CPU.Build.0 = Release|Any CPU
		{655CA96F-01B4-4A61-BCD5-95B4BAD7F3FA}.Release|iPhone.ActiveCfg = Release|Any CPU
		{655CA96F-01B4-4A61-BCD5-95B4BAD7F3FA}.Release|iPhone.Build.0 = Release|Any CPU
		{655CA96F-01B4-4A61-BCD5-95B4BAD7F3FA}.Release|iPhoneSimulator.ActiveCfg = Release|Any CPU
		{655CA96F-01B4-4A61-BCD5-95B4BAD7F3FA}.Release|iPhoneSimulator.Build.0 = Release|Any CPU
	EndGlobalSection
	GlobalSection(SolutionProperties) = preSolution
		HideSolutionNode = FALSE
	EndGlobalSection
	GlobalSection(ExtensibilityGlobals) = postSolution
		SolutionGuid = {CFE31807-549E-40E9-8939-B8FE8A1978D5}
	EndGlobalSection
EndGlobal
