
Microsoft Visual Studio Solution File, Format Version 12.00
# Visual Studio 15
VisualStudioVersion = 15.0.28010.2046
MinimumVisualStudioVersion = 10.0.40219.1
Project("{FAE04EC0-301F-11D3-BF4B-00C04F79EFBC}") = "WindowsService1", "WindowsService1\WindowsService1.csproj", "{CC3E9055-4D25-46F7-9061-C48C817243BB}"
EndProject
Global
	GlobalSection(SolutionConfigurationPlatforms) = preSolution
		Debug|Any CPU = Debug|Any CPU
		Release|Any CPU = Release|Any CPU
	EndGlobalSection
	GlobalSection(ProjectConfigurationPlatforms) = postSolution
		{CC3E9055-4D25-46F7-9061-C48C817243BB}.Debug|Any CPU.ActiveCfg = Debug|Any CPU
		{CC3E9055-4D25-46F7-9061-C48C817243BB}.Debug|Any CPU.Build.0 = Debug|Any CPU
		{CC3E9055-4D25-46F7-9061-C48C817243BB}.Release|Any CPU.ActiveCfg = Release|Any CPU
		{CC3E9055-4D25-46F7-9061-C48C817243BB}.Release|Any CPU.Build.0 = Release|Any CPU
	EndGlobalSection
	GlobalSection(SolutionProperties) = preSolution
		HideSolutionNode = FALSE
	EndGlobalSection
	GlobalSection(ExtensibilityGlobals) = postSolution
		SolutionGuid = {1D36A65D-761E-417B-BE72-CA1E8C191DF7}
	EndGlobalSection
EndGlobal
